// !$*UTF8*$!
{
	archiveVersion = 1;
	classes = {
	};
	objectVersion = 46;
	objects = {

/* Begin PBXBuildFile section */
		010E5880879D475CB19EE26D /* CDVSplashScreen.m in Sources */ = {isa = PBXBuildFile; fileRef = 37C93E57F23945B18C1FE936 /* CDVSplashScreen.m */; };
		0207DA581B56EA530066E2B4 /* Images.xcassets in Resources */ = {isa = PBXBuildFile; fileRef = 0207DA571B56EA530066E2B4 /* Images.xcassets */; };
		07C5F022C7F645A2BC57A985 /* ImageIO.framework in Frameworks */ = {isa = PBXBuildFile; fileRef = D603E93D31E8476F9C57B765 /* ImageIO.framework */; settings = {ATTRIBUTES = (Weak, ); }; };
		0D5AA339657149FFBF8B368B /* GMEmptyFolder@1x.png in Resources */ = {isa = PBXBuildFile; fileRef = 6FB69A5C91B84FA4873347F7 /* GMEmptyFolder@1x.png */; };
		0D95EFD71BEE448F8E1FFE55 /* ca.lproj in Resources */ = {isa = PBXBuildFile; fileRef = F1AFF74136F74D1F80B0D3FD /* ca.lproj */; };
		0F589EDB5C924DA5BE50E843 /* GMSelected.png in Resources */ = {isa = PBXBuildFile; fileRef = D30B0B1E35A5476C9698DA6C /* GMSelected.png */; };
		103150B7E4AC4A6F94B5368C /* zxing-all-in-one.cpp in Sources */ = {isa = PBXBuildFile; fileRef = 4E24C3F49FCE49CEBC9554D2 /* zxing-all-in-one.cpp */; };
		13C666E454484E27B1814905 /* GCDWebServerDataResponse.m in Sources */ = {isa = PBXBuildFile; fileRef = 9D9E4FEAA8E14716917FFBCA /* GCDWebServerDataResponse.m */; };
		1491F19671C64557BB719A4B /* CDVStatusBar.m in Sources */ = {isa = PBXBuildFile; fileRef = D8AE18B9523349FDB8B8AC67 /* CDVStatusBar.m */; };
		1D3623260D0F684500981E51 /* AppDelegate.m in Sources */ = {isa = PBXBuildFile; fileRef = 1D3623250D0F684500981E51 /* AppDelegate.m */; };
		1D60589B0D05DD56006BFB54 /* main.m in Sources */ = {isa = PBXBuildFile; fileRef = 29B97316FDCFA39411CA2CEA /* main.m */; };
		205B53441EFE4FF0B5085BC6 /* GCDWebServerURLEncodedFormRequest.m in Sources */ = {isa = PBXBuildFile; fileRef = 757B60C23FDB4DE59CDB573B /* GCDWebServerURLEncodedFormRequest.m */; };
		22B445CB13FB4382B12F1F20 /* GCDWebServerDataRequest.m in Sources */ = {isa = PBXBuildFile; fileRef = F1248D2A9DEB481F875013B6 /* GCDWebServerDataRequest.m */; };
		241EB45872F046C9AB04BBD5 /* Security.framework in Frameworks */ = {isa = PBXBuildFile; fileRef = 92DC58441A694CAEB8F2B20D /* Security.framework */; };
		250FC7112285493C941E215C /* CDVViewController+SplashScreen.m in Sources */ = {isa = PBXBuildFile; fileRef = 04F0687AE90E40F1A50A4895 /* CDVViewController+SplashScreen.m */; };
		2872A065A26A8EBCC0E8A1C9 /* libPods-whispeer Messenger.a in Frameworks */ = {isa = PBXBuildFile; fileRef = 20AD2A7439A9114CE3205633 /* libPods-whispeer Messenger.a */; };
		29C3657CAA1D4127B6271324 /* GMPHAsset.m in Sources */ = {isa = PBXBuildFile; fileRef = A9F5615EB88D45EA9A52FBE3 /* GMPHAsset.m */; };
		2FA945DD022E48AEA3CFB6CF /* CDVCamera.m in Sources */ = {isa = PBXBuildFile; fileRef = 769529685D5346DE85980A5F /* CDVCamera.m */; };
		301BF552109A68D80062928A /* libCordova.a in Frameworks */ = {isa = PBXBuildFile; fileRef = 301BF535109A57CC0062928A /* libCordova.a */; };
		302D95F114D2391D003F00A1 /* MainViewController.m in Sources */ = {isa = PBXBuildFile; fileRef = 302D95EF14D2391D003F00A1 /* MainViewController.m */; };
		302D95F214D2391D003F00A1 /* MainViewController.xib in Resources */ = {isa = PBXBuildFile; fileRef = 302D95F014D2391D003F00A1 /* MainViewController.xib */; };
		30383407BDC14628A4090BE8 /* AppDelegate+notification.m in Sources */ = {isa = PBXBuildFile; fileRef = 5D9C8CBAEABE4922948C0EC2 /* AppDelegate+notification.m */; };
		39283A559E604734A4D90A06 /* SOSPicker.m in Sources */ = {isa = PBXBuildFile; fileRef = 612472490245409F84447AD6 /* SOSPicker.m */; };
		39E8A5E6F0CF4BD48CEDACA7 /* CDVFile.m in Sources */ = {isa = PBXBuildFile; fileRef = 53EA7199FFCF4E7D857B623F /* CDVFile.m */; };
		3BB3879334AD4979B8F23523 /* GMImagePickerController.m in Sources */ = {isa = PBXBuildFile; fileRef = 6F7CDCEF6E5F432F8F81B508 /* GMImagePickerController.m */; };
		3CBD93AACAC447D4BFA990F4 /* CDVSound.m in Sources */ = {isa = PBXBuildFile; fileRef = B98141ABBDD943718387C03F /* CDVSound.m */; };
		459114DD3D8649E4BE89396D /* GCDWebServerResponse.m in Sources */ = {isa = PBXBuildFile; fileRef = 79A1EBD9FB6244A4BCD90C07 /* GCDWebServerResponse.m */; };
		50E0666FD7D14971BDA282FF /* CoreVideo.framework in Frameworks */ = {isa = PBXBuildFile; fileRef = 0D7DC9BE2C034C059B5FDBAF /* CoreVideo.framework */; };
		51B2357F74EE4EA0925E013F /* libiconv.dylib in Frameworks */ = {isa = PBXBuildFile; fileRef = 31ABAAD8D20C4500BA6875AB /* libiconv.dylib */; };
		520F559F330447388B3BF305 /* GMEmptyFolder@2x.png in Resources */ = {isa = PBXBuildFile; fileRef = 6B5F675FC1464C378CDE2BD7 /* GMEmptyFolder@2x.png */; };
		539D096CD6134272A5EB9654 /* GCDWebServerConnection.m in Sources */ = {isa = PBXBuildFile; fileRef = 40AB5DEE98E04F7A8ED610FD /* GCDWebServerConnection.m */; };
		55FB8BFC40D6492C9BC9A077 /* Photos.framework in Frameworks */ = {isa = PBXBuildFile; fileRef = 75CCD26805BF4FEE92ADA18F /* Photos.framework */; };
		5B6E589B20F74279AFE2BBEB /* GCDWebServerStreamedResponse.m in Sources */ = {isa = PBXBuildFile; fileRef = C6713D944A0547E28CA72899 /* GCDWebServerStreamedResponse.m */; };
		6517C1F255AE4054BA364F16 /* PSYBlockTimer.m in Sources */ = {isa = PBXBuildFile; fileRef = F0E1DA683D5D4B1A998D3C55 /* PSYBlockTimer.m */; };
		69E9AE18CDB54E03994FFD4B /* Accelerate.framework in Frameworks */ = {isa = PBXBuildFile; fileRef = F5D71E5F4C4F489891F58745 /* Accelerate.framework */; };
		6AFF5BF91D6E424B00AB3073 /* CDVLaunchScreen.storyboard in Resources */ = {isa = PBXBuildFile; fileRef = 6AFF5BF81D6E424B00AB3073 /* CDVLaunchScreen.storyboard */; };
		6CAEAC6D96014E36B6B8A485 /* GCDWebServerFileRequest.m in Sources */ = {isa = PBXBuildFile; fileRef = 20DBE9818023417E987E190F /* GCDWebServerFileRequest.m */; };
		72E134D4762B486D8B2268C4 /* CDVAssetLibraryFilesystem.m in Sources */ = {isa = PBXBuildFile; fileRef = 4E0760136F2844D0967A49B1 /* CDVAssetLibraryFilesystem.m */; };
		75B18FF90CD545A2820CD07F /* it.lproj in Resources */ = {isa = PBXBuildFile; fileRef = 3CD628E6719A4A55B2D8228A /* it.lproj */; };
		7C89A1E6E7E54354A707187D /* zh-Hans.lproj in Resources */ = {isa = PBXBuildFile; fileRef = 91B154F8786E4BA38B6A9A2C /* zh-Hans.lproj */; };
		7E612D227168473E8E6F14AB /* fr.lproj in Resources */ = {isa = PBXBuildFile; fileRef = 2F9CA44948D740F6B99C7FDE /* fr.lproj */; };
		80DC142C1F5D4548958EBD82 /* AudioToolbox.framework in Frameworks */ = {isa = PBXBuildFile; fileRef = EA411CC7779C4479AD1F8BB3 /* AudioToolbox.framework */; };
		81B2639E699C48BFBA4C96ED /* PhotoViewer.m in Sources */ = {isa = PBXBuildFile; fileRef = 9D2B17ED8A7E4101B72F87AD /* PhotoViewer.m */; };
		82EB02BE321648A7992A6E2A /* de.lproj in Resources */ = {isa = PBXBuildFile; fileRef = 92B15093945C4D6E95F27FBE /* de.lproj */; };
		910042707CAE4CA3BB4AEEF7 /* GCDWebServerFunctions.m in Sources */ = {isa = PBXBuildFile; fileRef = 2608212CF4D84BA5BEF38860 /* GCDWebServerFunctions.m */; };
		93A4EED86EFD455FB41691C0 /* pt.lproj in Resources */ = {isa = PBXBuildFile; fileRef = C66D5B29AD614D7DA8D265FC /* pt.lproj */; };
		97180B57C977455993FFC948 /* IonicKeyboard.m in Sources */ = {isa = PBXBuildFile; fileRef = FBEC978668984E9388FCEF32 /* IonicKeyboard.m */; };
		97F19BE33D9A4C4799BDB75B /* CDVGlobalization.m in Sources */ = {isa = PBXBuildFile; fileRef = AEA09537E049453EA51853E4 /* CDVGlobalization.m */; };
		98020A30A44F43228709537E /* CDVWKWebViewUIDelegate.m in Sources */ = {isa = PBXBuildFile; fileRef = DC507BD4C240471BB27FC2D9 /* CDVWKWebViewUIDelegate.m */; };
		988D789BEB804BFEAB03F7A6 /* GMGridViewCell.m in Sources */ = {isa = PBXBuildFile; fileRef = 5BADBDAE13AD499EA1AEF85A /* GMGridViewCell.m */; };
		99866D4D030E4A65B8BEED15 /* UIImage+CropScaleOrientation.m in Sources */ = {isa = PBXBuildFile; fileRef = EFB8F9495CD146789A0BA68D /* UIImage+CropScaleOrientation.m */; };
		9A9E54FB8A76411AA1A675EB /* CDVBarcodeScanner.mm in Sources */ = {isa = PBXBuildFile; fileRef = 17EBC460C742493C8633604E /* CDVBarcodeScanner.mm */; settings = {COMPILER_FLAGS = "-fno-objc-arc"; }; };
		9D9D99E92A5C4AF2A718E4EB /* FilePicker.m in Sources */ = {isa = PBXBuildFile; fileRef = 98777365540D41BEBA170609 /* FilePicker.m */; };
		A0A625AEFA994E42869F0604 /* FileOpener2.m in Sources */ = {isa = PBXBuildFile; fileRef = 7CF29D268033462795DE33F7 /* FileOpener2.m */; };
		A1C7090211B04F0490827D26 /* en.lproj in Resources */ = {isa = PBXBuildFile; fileRef = 6438E011E459408B832E3371 /* en.lproj */; };
		A5F6B75DC9D44A1A9E267256 /* CoreImage.framework in Frameworks */ = {isa = PBXBuildFile; fileRef = 971EE22C8C3A4D5A8E199150 /* CoreImage.framework */; };
		AB3EDAFC7A524B8CB54312F1 /* es.lproj in Resources */ = {isa = PBXBuildFile; fileRef = 13949E08D1BE4619A8C93092 /* es.lproj */; };
		AB61A02108CE4D708091C75C /* CoreLocation.framework in Frameworks */ = {isa = PBXBuildFile; fileRef = 11CB2CF8A4964A7ABFBBDFD8 /* CoreLocation.framework */; };
		ABA46C970C724249AC24B132 /* GMVideoIcon.png in Resources */ = {isa = PBXBuildFile; fileRef = 86DF835CA463406691158983 /* GMVideoIcon.png */; };
		AEE1ADD547724F3C8545EDD0 /* GCDWebServer.m in Sources */ = {isa = PBXBuildFile; fileRef = 422B8F30F1CA4DBAAC9351EF /* GCDWebServer.m */; };
		B94B93BB8D7C4580B535CD96 /* QuartzCore.framework in Frameworks */ = {isa = PBXBuildFile; fileRef = FB0117759F7C4029B1D06EF3 /* QuartzCore.framework */; };
		BD0524F7354A4B7B9BCE2257 /* GCDWebServerMultiPartFormRequest.m in Sources */ = {isa = PBXBuildFile; fileRef = A46789117A4C440BAAEFF939 /* GCDWebServerMultiPartFormRequest.m */; };
		C3C78D2A78334A06BFFA853A /* AVFoundation.framework in Frameworks */ = {isa = PBXBuildFile; fileRef = 98999572AD634B7387365128 /* AVFoundation.framework */; };
		C58DD2FB79074EF5AF65DF14 /* CDVWKWebViewEngine.m in Sources */ = {isa = PBXBuildFile; fileRef = CD657B642D624915B5BEA6EE /* CDVWKWebViewEngine.m */; };
		C7DADFBBA4F84F04B0501F50 /* CDVInAppBrowser.m in Sources */ = {isa = PBXBuildFile; fileRef = 4215F7C83C4949E9B278A94F /* CDVInAppBrowser.m */; };
		C89F47303F4C4564BD27CAE8 /* GCDWebServerRequest.m in Sources */ = {isa = PBXBuildFile; fileRef = 29388546086E4A7D8491FDDD /* GCDWebServerRequest.m */; };
		C8CADD53535846DF88944CF8 /* GMAlbumsViewController.m in Sources */ = {isa = PBXBuildFile; fileRef = 7D2B42475BEB4BC9B4DF42B5 /* GMAlbumsViewController.m */; };
		C920DB2166664751BBBE5B06 /* GMGridViewController.m in Sources */ = {isa = PBXBuildFile; fileRef = E85AC49353AD4A50A0B04214 /* GMGridViewController.m */; };
		D2FAE69D471B4C9AB29A9796 /* GCDWebServerFileResponse.m in Sources */ = {isa = PBXBuildFile; fileRef = 9C3888EEC37644489FFB7DB8 /* GCDWebServerFileResponse.m */; };
		D4ECF1AACDC5495EB6A368AF /* GMVideoIcon@2x.png in Resources */ = {isa = PBXBuildFile; fileRef = 96B51563D8CD42F68C3FACB6 /* GMVideoIcon@2x.png */; };
		D69060D284F54D22B65D9067 /* WebKit.framework in Frameworks */ = {isa = PBXBuildFile; fileRef = E852A3C1A87947AFB506A112 /* WebKit.framework */; settings = {ATTRIBUTES = (Weak, ); }; };
		DB7F6C9926EB469688DD49A8 /* CDVBarcodeScanner.bundle in Resources */ = {isa = PBXBuildFile; fileRef = C643C4205F7A4F4882AFD21A /* CDVBarcodeScanner.bundle */; };
		DBD7E5F4AD594A3785AABD57 /* CDVLocalFilesystem.m in Sources */ = {isa = PBXBuildFile; fileRef = 8966C75D8A364C79BC23DB84 /* CDVLocalFilesystem.m */; };
		DE21512A4DD44818AEC02D29 /* PushPlugin.m in Sources */ = {isa = PBXBuildFile; fileRef = 36338503381B4D50B1CC19F0 /* PushPlugin.m */; };
		E34FC33648654B25913FCD7C /* CDVJpegHeaderWriter.m in Sources */ = {isa = PBXBuildFile; fileRef = A0BFF5DC7AFA40089DBD7029 /* CDVJpegHeaderWriter.m */; };
		E6A99148D2884AB0BF577961 /* scannerOverlay.xib in Resources */ = {isa = PBXBuildFile; fileRef = 2184D81E64B147A388B084DE /* scannerOverlay.xib */; };
		E999414E573C442C829C59AF /* CDVWKProcessPoolFactory.m in Sources */ = {isa = PBXBuildFile; fileRef = F0E843FF0386461A950EFAB4 /* CDVWKProcessPoolFactory.m */; };
		EB719EBCDA8D4BAEA249BF0E /* CDVDevice.m in Sources */ = {isa = PBXBuildFile; fileRef = 3D1DDA1553584ADD8573AA9A /* CDVDevice.m */; };
		ED4CB0E7CF3F46BF9D0E3862 /* UIImage+fixOrientation.m in Sources */ = {isa = PBXBuildFile; fileRef = 6867092AF4454311ADCFFF5E /* UIImage+fixOrientation.m */; };
		F0F9BC0A5FF640D6B64E03FC /* GMAlbumsViewCell.m in Sources */ = {isa = PBXBuildFile; fileRef = 1D1173F58F1749C28D1577EF /* GMAlbumsViewCell.m */; };
		F513DB96BEC346FEABF2F237 /* GMFetchItem.m in Sources */ = {isa = PBXBuildFile; fileRef = CB29E325F777425F9DF69812 /* GMFetchItem.m */; };
		F703D47950054D8A986ADA56 /* libz.tbd in Frameworks */ = {isa = PBXBuildFile; fileRef = 0034AE4EC3FA43D4AC9C80B0 /* libz.tbd */; };
		F97007D5C8714A9D88862C35 /* GMSelected@2x.png in Resources */ = {isa = PBXBuildFile; fileRef = 06A667648F614F4D9B4EF339 /* GMSelected@2x.png */; };
		FBF89772F1A7480A9E70B8F9 /* GCDWebServerErrorResponse.m in Sources */ = {isa = PBXBuildFile; fileRef = 5B8C6C536DCF40F0A1D17A62 /* GCDWebServerErrorResponse.m */; };
		FC972F76D3974626AD5F3C33 /* SystemConfiguration.framework in Frameworks */ = {isa = PBXBuildFile; fileRef = 2321A96839B34B0BB9AE7561 /* SystemConfiguration.framework */; };
/* End PBXBuildFile section */

/* Begin PBXContainerItemProxy section */
		069E60A4202F860C002708C6 /* PBXContainerItemProxy */ = {
			isa = PBXContainerItemProxy;
			containerPortal = 301BF52D109A57CC0062928A /* CordovaLib.xcodeproj */;
			proxyType = 2;
			remoteGlobalIDString = C0C01EB21E3911D50056E6CB;
			remoteInfo = Cordova;
		};
		301BF534109A57CC0062928A /* PBXContainerItemProxy */ = {
			isa = PBXContainerItemProxy;
			containerPortal = 301BF52D109A57CC0062928A /* CordovaLib.xcodeproj */;
			proxyType = 2;
			remoteGlobalIDString = D2AAC07E0554694100DB518D;
			remoteInfo = CordovaLib;
		};
		301BF550109A68C00062928A /* PBXContainerItemProxy */ = {
			isa = PBXContainerItemProxy;
			containerPortal = 301BF52D109A57CC0062928A /* CordovaLib.xcodeproj */;
			proxyType = 1;
			remoteGlobalIDString = D2AAC07D0554694100DB518D;
			remoteInfo = CordovaLib;
		};
/* End PBXContainerItemProxy section */

/* Begin PBXFileReference section */
		0034AE4EC3FA43D4AC9C80B0 /* libz.tbd */ = {isa = PBXFileReference; explicitFileType = undefined; fileEncoding = 9; includeInIndex = 0; lastKnownFileType = "sourcecode.text-based-dylib-definition"; name = libz.tbd; path = usr/lib/libz.tbd; sourceTree = SDKROOT; };
		01B881129CC54EF6953774CE /* CDVAssetLibraryFilesystem.h */ = {isa = PBXFileReference; explicitFileType = undefined; fileEncoding = 4; includeInIndex = 0; lastKnownFileType = sourcecode.c.h; name = CDVAssetLibraryFilesystem.h; path = "cordova-plugin-file/CDVAssetLibraryFilesystem.h"; sourceTree = "<group>"; };
		0207DA571B56EA530066E2B4 /* Images.xcassets */ = {isa = PBXFileReference; lastKnownFileType = folder.assetcatalog; name = Images.xcassets; path = "whispeer Messenger/Images.xcassets"; sourceTree = SOURCE_ROOT; };
		02137B7B3A874C68B6981E71 /* AppDelegate+notification.h */ = {isa = PBXFileReference; explicitFileType = undefined; fileEncoding = 4; includeInIndex = 0; lastKnownFileType = sourcecode.c.h; name = "AppDelegate+notification.h"; path = "phonegap-plugin-push/AppDelegate+notification.h"; sourceTree = "<group>"; };
		04F0687AE90E40F1A50A4895 /* CDVViewController+SplashScreen.m */ = {isa = PBXFileReference; explicitFileType = undefined; fileEncoding = 4; includeInIndex = 0; lastKnownFileType = sourcecode.c.objc; name = "CDVViewController+SplashScreen.m"; path = "cordova-plugin-splashscreen/CDVViewController+SplashScreen.m"; sourceTree = "<group>"; };
		069E60A6202F8662002708C6 /* whispeer Messenger.entitlements */ = {isa = PBXFileReference; lastKnownFileType = text.plist.entitlements; name = "whispeer Messenger.entitlements"; path = "whispeer Messenger/whispeer Messenger.entitlements"; sourceTree = "<group>"; };
		06A667648F614F4D9B4EF339 /* GMSelected@2x.png */ = {isa = PBXFileReference; explicitFileType = undefined; fileEncoding = 9; includeInIndex = 0; lastKnownFileType = unknown; path = "GMSelected@2x.png"; sourceTree = "<group>"; };
		0D7DC9BE2C034C059B5FDBAF /* CoreVideo.framework */ = {isa = PBXFileReference; explicitFileType = undefined; fileEncoding = 9; includeInIndex = 0; lastKnownFileType = wrapper.framework; name = CoreVideo.framework; path = System/Library/Frameworks/CoreVideo.framework; sourceTree = SDKROOT; };
		1170C527AB1749A19C3D7B58 /* CDVInAppBrowser.h */ = {isa = PBXFileReference; explicitFileType = undefined; fileEncoding = 4; includeInIndex = 0; lastKnownFileType = sourcecode.c.h; name = CDVInAppBrowser.h; path = "cordova-plugin-inappbrowser/CDVInAppBrowser.h"; sourceTree = "<group>"; };
		11CB2CF8A4964A7ABFBBDFD8 /* CoreLocation.framework */ = {isa = PBXFileReference; explicitFileType = undefined; fileEncoding = 9; includeInIndex = 0; lastKnownFileType = wrapper.framework; name = CoreLocation.framework; path = System/Library/Frameworks/CoreLocation.framework; sourceTree = SDKROOT; };
		125E82F52BF24B04A55AB628 /* CDVDevice.h */ = {isa = PBXFileReference; explicitFileType = undefined; fileEncoding = 4; includeInIndex = 0; lastKnownFileType = sourcecode.c.h; name = CDVDevice.h; path = "cordova-plugin-device/CDVDevice.h"; sourceTree = "<group>"; };
		13949E08D1BE4619A8C93092 /* es.lproj */ = {isa = PBXFileReference; explicitFileType = undefined; fileEncoding = 9; includeInIndex = 0; lastKnownFileType = unknown; path = es.lproj; sourceTree = "<group>"; };
		16672C360A3A497EB26E1F85 /* GCDWebServerURLEncodedFormRequest.h */ = {isa = PBXFileReference; explicitFileType = undefined; fileEncoding = 4; includeInIndex = 0; lastKnownFileType = sourcecode.c.h; name = GCDWebServerURLEncodedFormRequest.h; path = "cordova-plugin-ionic-webview/GCDWebServerURLEncodedFormRequest.h"; sourceTree = "<group>"; };
		16837A6E1C24414AA00F333B /* FilePicker.h */ = {isa = PBXFileReference; explicitFileType = undefined; fileEncoding = 4; includeInIndex = 0; lastKnownFileType = sourcecode.c.h; name = FilePicker.h; path = "cordova-plugin-filepicker/FilePicker.h"; sourceTree = "<group>"; };
		17EBC460C742493C8633604E /* CDVBarcodeScanner.mm */ = {isa = PBXFileReference; explicitFileType = undefined; fileEncoding = 9; includeInIndex = 0; lastKnownFileType = unknown; name = CDVBarcodeScanner.mm; path = "phonegap-plugin-barcodescanner/CDVBarcodeScanner.mm"; sourceTree = "<group>"; };
		1D1173F58F1749C28D1577EF /* GMAlbumsViewCell.m */ = {isa = PBXFileReference; explicitFileType = undefined; fileEncoding = 4; includeInIndex = 0; lastKnownFileType = sourcecode.c.objc; name = GMAlbumsViewCell.m; path = ImagePicker/GMAlbumsViewCell.m; sourceTree = "<group>"; };
		1D3623240D0F684500981E51 /* AppDelegate.h */ = {isa = PBXFileReference; fileEncoding = 4; lastKnownFileType = sourcecode.c.h; path = AppDelegate.h; sourceTree = "<group>"; };
		1D3623250D0F684500981E51 /* AppDelegate.m */ = {isa = PBXFileReference; fileEncoding = 4; lastKnownFileType = sourcecode.c.objc; path = AppDelegate.m; sourceTree = "<group>"; };
		1D6058910D05DD3D006BFB54 /* whispeer Messenger.app */ = {isa = PBXFileReference; explicitFileType = wrapper.application; includeInIndex = 0; path = "whispeer Messenger.app"; sourceTree = BUILT_PRODUCTS_DIR; };
		20AD2A7439A9114CE3205633 /* libPods-whispeer Messenger.a */ = {isa = PBXFileReference; explicitFileType = archive.ar; includeInIndex = 0; path = "libPods-whispeer Messenger.a"; sourceTree = BUILT_PRODUCTS_DIR; };
		20DBE9818023417E987E190F /* GCDWebServerFileRequest.m */ = {isa = PBXFileReference; explicitFileType = undefined; fileEncoding = 4; includeInIndex = 0; lastKnownFileType = sourcecode.c.objc; name = GCDWebServerFileRequest.m; path = "cordova-plugin-ionic-webview/GCDWebServerFileRequest.m"; sourceTree = "<group>"; };
		2184D81E64B147A388B084DE /* scannerOverlay.xib */ = {isa = PBXFileReference; explicitFileType = undefined; fileEncoding = 9; includeInIndex = 0; lastKnownFileType = file.xib; path = scannerOverlay.xib; sourceTree = "<group>"; };
		2321A96839B34B0BB9AE7561 /* SystemConfiguration.framework */ = {isa = PBXFileReference; explicitFileType = undefined; fileEncoding = 9; includeInIndex = 0; lastKnownFileType = wrapper.framework; name = SystemConfiguration.framework; path = System/Library/Frameworks/SystemConfiguration.framework; sourceTree = SDKROOT; };
		25C42297AC5C4241836C3F77 /* CDVStatusBar.h */ = {isa = PBXFileReference; explicitFileType = undefined; fileEncoding = 4; includeInIndex = 0; lastKnownFileType = sourcecode.c.h; name = CDVStatusBar.h; path = "cordova-plugin-statusbar/CDVStatusBar.h"; sourceTree = "<group>"; };
		2608212CF4D84BA5BEF38860 /* GCDWebServerFunctions.m */ = {isa = PBXFileReference; explicitFileType = undefined; fileEncoding = 4; includeInIndex = 0; lastKnownFileType = sourcecode.c.objc; name = GCDWebServerFunctions.m; path = "cordova-plugin-ionic-webview/GCDWebServerFunctions.m"; sourceTree = "<group>"; };
		29388546086E4A7D8491FDDD /* GCDWebServerRequest.m */ = {isa = PBXFileReference; explicitFileType = undefined; fileEncoding = 4; includeInIndex = 0; lastKnownFileType = sourcecode.c.objc; name = GCDWebServerRequest.m; path = "cordova-plugin-ionic-webview/GCDWebServerRequest.m"; sourceTree = "<group>"; };
		29B97316FDCFA39411CA2CEA /* main.m */ = {isa = PBXFileReference; fileEncoding = 4; lastKnownFileType = sourcecode.c.objc; path = main.m; sourceTree = "<group>"; };
		2E41D83F8D284CBB978ECCB8 /* GCDWebServerHTTPStatusCodes.h */ = {isa = PBXFileReference; explicitFileType = undefined; fileEncoding = 4; includeInIndex = 0; lastKnownFileType = sourcecode.c.h; name = GCDWebServerHTTPStatusCodes.h; path = "cordova-plugin-ionic-webview/GCDWebServerHTTPStatusCodes.h"; sourceTree = "<group>"; };
		2F9CA44948D740F6B99C7FDE /* fr.lproj */ = {isa = PBXFileReference; explicitFileType = undefined; fileEncoding = 9; includeInIndex = 0; lastKnownFileType = unknown; path = fr.lproj; sourceTree = "<group>"; };
		301BF52D109A57CC0062928A /* CordovaLib.xcodeproj */ = {isa = PBXFileReference; lastKnownFileType = "wrapper.pb-project"; name = CordovaLib.xcodeproj; path = CordovaLib/CordovaLib.xcodeproj; sourceTree = "<group>"; };
		301BF56E109A69640062928A /* www */ = {isa = PBXFileReference; lastKnownFileType = folder; path = www; sourceTree = SOURCE_ROOT; };
		302D95EE14D2391D003F00A1 /* MainViewController.h */ = {isa = PBXFileReference; fileEncoding = 4; lastKnownFileType = sourcecode.c.h; path = MainViewController.h; sourceTree = "<group>"; };
		302D95EF14D2391D003F00A1 /* MainViewController.m */ = {isa = PBXFileReference; fileEncoding = 4; lastKnownFileType = sourcecode.c.objc; path = MainViewController.m; sourceTree = "<group>"; };
		302D95F014D2391D003F00A1 /* MainViewController.xib */ = {isa = PBXFileReference; fileEncoding = 4; lastKnownFileType = file.xib; path = MainViewController.xib; sourceTree = "<group>"; };
		3047A50F1AB8059700498E2A /* build-debug.xcconfig */ = {isa = PBXFileReference; fileEncoding = 4; lastKnownFileType = text.xcconfig; name = "build-debug.xcconfig"; path = "cordova/build-debug.xcconfig"; sourceTree = SOURCE_ROOT; };
		3047A5101AB8059700498E2A /* build-release.xcconfig */ = {isa = PBXFileReference; fileEncoding = 4; lastKnownFileType = text.xcconfig; name = "build-release.xcconfig"; path = "cordova/build-release.xcconfig"; sourceTree = SOURCE_ROOT; };
		3047A5111AB8059700498E2A /* build.xcconfig */ = {isa = PBXFileReference; fileEncoding = 4; lastKnownFileType = text.xcconfig; name = build.xcconfig; path = cordova/build.xcconfig; sourceTree = SOURCE_ROOT; };
		30ABD249AD4E4CA3A4D03ADD /* GCDWebServerErrorResponse.h */ = {isa = PBXFileReference; explicitFileType = undefined; fileEncoding = 4; includeInIndex = 0; lastKnownFileType = sourcecode.c.h; name = GCDWebServerErrorResponse.h; path = "cordova-plugin-ionic-webview/GCDWebServerErrorResponse.h"; sourceTree = "<group>"; };
		31ABAAD8D20C4500BA6875AB /* libiconv.dylib */ = {isa = PBXFileReference; explicitFileType = undefined; fileEncoding = 9; includeInIndex = 0; lastKnownFileType = "compiled.mach-o.dylib"; name = libiconv.dylib; path = usr/lib/libiconv.dylib; sourceTree = SDKROOT; };
		32CA4F630368D1EE00C91783 /* whispeer Messenger-Prefix.pch */ = {isa = PBXFileReference; fileEncoding = 4; lastKnownFileType = sourcecode.c.h; path = "whispeer Messenger-Prefix.pch"; sourceTree = "<group>"; };
		36338503381B4D50B1CC19F0 /* PushPlugin.m */ = {isa = PBXFileReference; explicitFileType = undefined; fileEncoding = 4; includeInIndex = 0; lastKnownFileType = sourcecode.c.objc; name = PushPlugin.m; path = "phonegap-plugin-push/PushPlugin.m"; sourceTree = "<group>"; };
		365082B52C174BD99784B973 /* GMGridViewCell.h */ = {isa = PBXFileReference; explicitFileType = undefined; fileEncoding = 4; includeInIndex = 0; lastKnownFileType = sourcecode.c.h; name = GMGridViewCell.h; path = ImagePicker/GMGridViewCell.h; sourceTree = "<group>"; };
		37C93E57F23945B18C1FE936 /* CDVSplashScreen.m */ = {isa = PBXFileReference; explicitFileType = undefined; fileEncoding = 4; includeInIndex = 0; lastKnownFileType = sourcecode.c.objc; name = CDVSplashScreen.m; path = "cordova-plugin-splashscreen/CDVSplashScreen.m"; sourceTree = "<group>"; };
		3CD628E6719A4A55B2D8228A /* it.lproj */ = {isa = PBXFileReference; explicitFileType = undefined; fileEncoding = 9; includeInIndex = 0; lastKnownFileType = unknown; path = it.lproj; sourceTree = "<group>"; };
		3D1DDA1553584ADD8573AA9A /* CDVDevice.m */ = {isa = PBXFileReference; explicitFileType = undefined; fileEncoding = 4; includeInIndex = 0; lastKnownFileType = sourcecode.c.objc; name = CDVDevice.m; path = "cordova-plugin-device/CDVDevice.m"; sourceTree = "<group>"; };
		3DA1D0C994A14BAF9CC2CB60 /* GCDWebServerStreamedResponse.h */ = {isa = PBXFileReference; explicitFileType = undefined; fileEncoding = 4; includeInIndex = 0; lastKnownFileType = sourcecode.c.h; name = GCDWebServerStreamedResponse.h; path = "cordova-plugin-ionic-webview/GCDWebServerStreamedResponse.h"; sourceTree = "<group>"; };
		3E4D927738A04F378D6B21A2 /* GMImagePickerController.h */ = {isa = PBXFileReference; explicitFileType = undefined; fileEncoding = 4; includeInIndex = 0; lastKnownFileType = sourcecode.c.h; name = GMImagePickerController.h; path = ImagePicker/GMImagePickerController.h; sourceTree = "<group>"; };
		40AB5DEE98E04F7A8ED610FD /* GCDWebServerConnection.m */ = {isa = PBXFileReference; explicitFileType = undefined; fileEncoding = 4; includeInIndex = 0; lastKnownFileType = sourcecode.c.objc; name = GCDWebServerConnection.m; path = "cordova-plugin-ionic-webview/GCDWebServerConnection.m"; sourceTree = "<group>"; };
		40EDFFE1D6B04AC18FE979E9 /* SOSPicker.h */ = {isa = PBXFileReference; explicitFileType = undefined; fileEncoding = 4; includeInIndex = 0; lastKnownFileType = sourcecode.c.h; name = SOSPicker.h; path = ImagePicker/SOSPicker.h; sourceTree = "<group>"; };
		4215F7C83C4949E9B278A94F /* CDVInAppBrowser.m */ = {isa = PBXFileReference; explicitFileType = undefined; fileEncoding = 4; includeInIndex = 0; lastKnownFileType = sourcecode.c.objc; name = CDVInAppBrowser.m; path = "cordova-plugin-inappbrowser/CDVInAppBrowser.m"; sourceTree = "<group>"; };
		422B8F30F1CA4DBAAC9351EF /* GCDWebServer.m */ = {isa = PBXFileReference; explicitFileType = undefined; fileEncoding = 4; includeInIndex = 0; lastKnownFileType = sourcecode.c.objc; name = GCDWebServer.m; path = "cordova-plugin-ionic-webview/GCDWebServer.m"; sourceTree = "<group>"; };
		4788DAC96A9F42D2A0DAC751 /* CDVJpegHeaderWriter.h */ = {isa = PBXFileReference; explicitFileType = undefined; fileEncoding = 4; includeInIndex = 0; lastKnownFileType = sourcecode.c.h; name = CDVJpegHeaderWriter.h; path = "cordova-plugin-camera/CDVJpegHeaderWriter.h"; sourceTree = "<group>"; };
		4E0760136F2844D0967A49B1 /* CDVAssetLibraryFilesystem.m */ = {isa = PBXFileReference; explicitFileType = undefined; fileEncoding = 4; includeInIndex = 0; lastKnownFileType = sourcecode.c.objc; name = CDVAssetLibraryFilesystem.m; path = "cordova-plugin-file/CDVAssetLibraryFilesystem.m"; sourceTree = "<group>"; };
		4E24C3F49FCE49CEBC9554D2 /* zxing-all-in-one.cpp */ = {isa = PBXFileReference; explicitFileType = undefined; fileEncoding = 9; includeInIndex = 0; lastKnownFileType = unknown; name = "zxing-all-in-one.cpp"; path = "phonegap-plugin-barcodescanner/zxing-all-in-one.cpp"; sourceTree = "<group>"; };
		50B0D572356D4EBD86372DC9 /* UIImage+fixOrientation.h */ = {isa = PBXFileReference; explicitFileType = undefined; fileEncoding = 4; includeInIndex = 0; lastKnownFileType = sourcecode.c.h; name = "UIImage+fixOrientation.h"; path = "ImagePicker/UIImage+fixOrientation.h"; sourceTree = "<group>"; };
		53EA7199FFCF4E7D857B623F /* CDVFile.m */ = {isa = PBXFileReference; explicitFileType = undefined; fileEncoding = 4; includeInIndex = 0; lastKnownFileType = sourcecode.c.objc; name = CDVFile.m; path = "cordova-plugin-file/CDVFile.m"; sourceTree = "<group>"; };
		5555A78FA3C84DFE9DB80467 /* CDVGlobalization.h */ = {isa = PBXFileReference; explicitFileType = undefined; fileEncoding = 4; includeInIndex = 0; lastKnownFileType = sourcecode.c.h; name = CDVGlobalization.h; path = "cordova-plugin-globalization/CDVGlobalization.h"; sourceTree = "<group>"; };
		5B8C6C536DCF40F0A1D17A62 /* GCDWebServerErrorResponse.m */ = {isa = PBXFileReference; explicitFileType = undefined; fileEncoding = 4; includeInIndex = 0; lastKnownFileType = sourcecode.c.objc; name = GCDWebServerErrorResponse.m; path = "cordova-plugin-ionic-webview/GCDWebServerErrorResponse.m"; sourceTree = "<group>"; };
		5BADBDAE13AD499EA1AEF85A /* GMGridViewCell.m */ = {isa = PBXFileReference; explicitFileType = undefined; fileEncoding = 4; includeInIndex = 0; lastKnownFileType = sourcecode.c.objc; name = GMGridViewCell.m; path = ImagePicker/GMGridViewCell.m; sourceTree = "<group>"; };
		5C62D8773E31447692799D80 /* GCDWebServerDataRequest.h */ = {isa = PBXFileReference; explicitFileType = undefined; fileEncoding = 4; includeInIndex = 0; lastKnownFileType = sourcecode.c.h; name = GCDWebServerDataRequest.h; path = "cordova-plugin-ionic-webview/GCDWebServerDataRequest.h"; sourceTree = "<group>"; };
		5D9C8CBAEABE4922948C0EC2 /* AppDelegate+notification.m */ = {isa = PBXFileReference; explicitFileType = undefined; fileEncoding = 4; includeInIndex = 0; lastKnownFileType = sourcecode.c.objc; name = "AppDelegate+notification.m"; path = "phonegap-plugin-push/AppDelegate+notification.m"; sourceTree = "<group>"; };
		5F5FAF1AA0B1480CB4AEDCD4 /* GCDWebServerFileRequest.h */ = {isa = PBXFileReference; explicitFileType = undefined; fileEncoding = 4; includeInIndex = 0; lastKnownFileType = sourcecode.c.h; name = GCDWebServerFileRequest.h; path = "cordova-plugin-ionic-webview/GCDWebServerFileRequest.h"; sourceTree = "<group>"; };
		5FED412BAE604AED9DD2912F /* GCDWebServerPrivate.h */ = {isa = PBXFileReference; explicitFileType = undefined; fileEncoding = 4; includeInIndex = 0; lastKnownFileType = sourcecode.c.h; name = GCDWebServerPrivate.h; path = "cordova-plugin-ionic-webview/GCDWebServerPrivate.h"; sourceTree = "<group>"; };
		612472490245409F84447AD6 /* SOSPicker.m */ = {isa = PBXFileReference; explicitFileType = undefined; fileEncoding = 4; includeInIndex = 0; lastKnownFileType = sourcecode.c.objc; name = SOSPicker.m; path = ImagePicker/SOSPicker.m; sourceTree = "<group>"; };
		61F245C1625A43BC8BCBA238 /* CDVWKWebViewEngine.h */ = {isa = PBXFileReference; explicitFileType = undefined; fileEncoding = 4; includeInIndex = 0; lastKnownFileType = sourcecode.c.h; name = CDVWKWebViewEngine.h; path = "cordova-plugin-ionic-webview/CDVWKWebViewEngine.h"; sourceTree = "<group>"; };
		6438E011E459408B832E3371 /* en.lproj */ = {isa = PBXFileReference; explicitFileType = undefined; fileEncoding = 9; includeInIndex = 0; lastKnownFileType = unknown; path = en.lproj; sourceTree = "<group>"; };
		6867092AF4454311ADCFFF5E /* UIImage+fixOrientation.m */ = {isa = PBXFileReference; explicitFileType = undefined; fileEncoding = 4; includeInIndex = 0; lastKnownFileType = sourcecode.c.objc; name = "UIImage+fixOrientation.m"; path = "ImagePicker/UIImage+fixOrientation.m"; sourceTree = "<group>"; };
		6AFF5BF81D6E424B00AB3073 /* CDVLaunchScreen.storyboard */ = {isa = PBXFileReference; fileEncoding = 4; lastKnownFileType = file.storyboard; name = CDVLaunchScreen.storyboard; path = "whispeer Messenger/CDVLaunchScreen.storyboard"; sourceTree = SOURCE_ROOT; };
		6B5F675FC1464C378CDE2BD7 /* GMEmptyFolder@2x.png */ = {isa = PBXFileReference; explicitFileType = undefined; fileEncoding = 9; includeInIndex = 0; lastKnownFileType = unknown; path = "GMEmptyFolder@2x.png"; sourceTree = "<group>"; };
		6CB4D3F32DF54AFFADFC7EF1 /* PSYBlockTimer.h */ = {isa = PBXFileReference; explicitFileType = undefined; fileEncoding = 4; includeInIndex = 0; lastKnownFileType = sourcecode.c.h; name = PSYBlockTimer.h; path = ImagePicker/PSYBlockTimer.h; sourceTree = "<group>"; };
		6F15C64D45324C8281FB3F1E /* UIImage+CropScaleOrientation.h */ = {isa = PBXFileReference; explicitFileType = undefined; fileEncoding = 4; includeInIndex = 0; lastKnownFileType = sourcecode.c.h; name = "UIImage+CropScaleOrientation.h"; path = "cordova-plugin-camera/UIImage+CropScaleOrientation.h"; sourceTree = "<group>"; };
		6F7CDCEF6E5F432F8F81B508 /* GMImagePickerController.m */ = {isa = PBXFileReference; explicitFileType = undefined; fileEncoding = 4; includeInIndex = 0; lastKnownFileType = sourcecode.c.objc; name = GMImagePickerController.m; path = ImagePicker/GMImagePickerController.m; sourceTree = "<group>"; };
		6FB69A5C91B84FA4873347F7 /* GMEmptyFolder@1x.png */ = {isa = PBXFileReference; explicitFileType = undefined; fileEncoding = 9; includeInIndex = 0; lastKnownFileType = unknown; path = "GMEmptyFolder@1x.png"; sourceTree = "<group>"; };
		74469D03A9E34E7B9A461E20 /* CDVSplashScreen.h */ = {isa = PBXFileReference; explicitFileType = undefined; fileEncoding = 4; includeInIndex = 0; lastKnownFileType = sourcecode.c.h; name = CDVSplashScreen.h; path = "cordova-plugin-splashscreen/CDVSplashScreen.h"; sourceTree = "<group>"; };
		757B60C23FDB4DE59CDB573B /* GCDWebServerURLEncodedFormRequest.m */ = {isa = PBXFileReference; explicitFileType = undefined; fileEncoding = 4; includeInIndex = 0; lastKnownFileType = sourcecode.c.objc; name = GCDWebServerURLEncodedFormRequest.m; path = "cordova-plugin-ionic-webview/GCDWebServerURLEncodedFormRequest.m"; sourceTree = "<group>"; };
		75CCD26805BF4FEE92ADA18F /* Photos.framework */ = {isa = PBXFileReference; explicitFileType = undefined; fileEncoding = 9; includeInIndex = 0; lastKnownFileType = wrapper.framework; name = Photos.framework; path = System/Library/Frameworks/Photos.framework; sourceTree = SDKROOT; };
		769529685D5346DE85980A5F /* CDVCamera.m */ = {isa = PBXFileReference; explicitFileType = undefined; fileEncoding = 4; includeInIndex = 0; lastKnownFileType = sourcecode.c.objc; name = CDVCamera.m; path = "cordova-plugin-camera/CDVCamera.m"; sourceTree = "<group>"; };
		79A1EBD9FB6244A4BCD90C07 /* GCDWebServerResponse.m */ = {isa = PBXFileReference; explicitFileType = undefined; fileEncoding = 4; includeInIndex = 0; lastKnownFileType = sourcecode.c.objc; name = GCDWebServerResponse.m; path = "cordova-plugin-ionic-webview/GCDWebServerResponse.m"; sourceTree = "<group>"; };
		7B985F80557947128E795DB8 /* GCDWebServerDataResponse.h */ = {isa = PBXFileReference; explicitFileType = undefined; fileEncoding = 4; includeInIndex = 0; lastKnownFileType = sourcecode.c.h; name = GCDWebServerDataResponse.h; path = "cordova-plugin-ionic-webview/GCDWebServerDataResponse.h"; sourceTree = "<group>"; };
		7CF29D268033462795DE33F7 /* FileOpener2.m */ = {isa = PBXFileReference; explicitFileType = undefined; fileEncoding = 4; includeInIndex = 0; lastKnownFileType = sourcecode.c.objc; name = FileOpener2.m; path = "cordova-plugin-file-opener2/FileOpener2.m"; sourceTree = "<group>"; };
		7D2B42475BEB4BC9B4DF42B5 /* GMAlbumsViewController.m */ = {isa = PBXFileReference; explicitFileType = undefined; fileEncoding = 4; includeInIndex = 0; lastKnownFileType = sourcecode.c.objc; name = GMAlbumsViewController.m; path = ImagePicker/GMAlbumsViewController.m; sourceTree = "<group>"; };
		7DB9180D34A84900BD1AB480 /* GCDWebServerFileResponse.h */ = {isa = PBXFileReference; explicitFileType = undefined; fileEncoding = 4; includeInIndex = 0; lastKnownFileType = sourcecode.c.h; name = GCDWebServerFileResponse.h; path = "cordova-plugin-ionic-webview/GCDWebServerFileResponse.h"; sourceTree = "<group>"; };
		7FB2C75A858B4A519C79F57F /* GCDWebServerFunctions.h */ = {isa = PBXFileReference; explicitFileType = undefined; fileEncoding = 4; includeInIndex = 0; lastKnownFileType = sourcecode.c.h; name = GCDWebServerFunctions.h; path = "cordova-plugin-ionic-webview/GCDWebServerFunctions.h"; sourceTree = "<group>"; };
		801423E825D4434FA05CE84F /* CDVLocalFilesystem.h */ = {isa = PBXFileReference; explicitFileType = undefined; fileEncoding = 4; includeInIndex = 0; lastKnownFileType = sourcecode.c.h; name = CDVLocalFilesystem.h; path = "cordova-plugin-file/CDVLocalFilesystem.h"; sourceTree = "<group>"; };
		81BC6DFFB7D1424FBAF0CF3B /* GCDWebServerRequest.h */ = {isa = PBXFileReference; explicitFileType = undefined; fileEncoding = 4; includeInIndex = 0; lastKnownFileType = sourcecode.c.h; name = GCDWebServerRequest.h; path = "cordova-plugin-ionic-webview/GCDWebServerRequest.h"; sourceTree = "<group>"; };
		84B435153FFF4DDC98A1217C /* GCDWebServerResponse.h */ = {isa = PBXFileReference; explicitFileType = undefined; fileEncoding = 4; includeInIndex = 0; lastKnownFileType = sourcecode.c.h; name = GCDWebServerResponse.h; path = "cordova-plugin-ionic-webview/GCDWebServerResponse.h"; sourceTree = "<group>"; };
		86DF835CA463406691158983 /* GMVideoIcon.png */ = {isa = PBXFileReference; explicitFileType = undefined; fileEncoding = 9; includeInIndex = 0; lastKnownFileType = unknown; path = GMVideoIcon.png; sourceTree = "<group>"; };
		8966C75D8A364C79BC23DB84 /* CDVLocalFilesystem.m */ = {isa = PBXFileReference; explicitFileType = undefined; fileEncoding = 4; includeInIndex = 0; lastKnownFileType = sourcecode.c.objc; name = CDVLocalFilesystem.m; path = "cordova-plugin-file/CDVLocalFilesystem.m"; sourceTree = "<group>"; };
		8993D3B4B2A6459EA0CFF77F /* CDVSound.h */ = {isa = PBXFileReference; explicitFileType = undefined; fileEncoding = 4; includeInIndex = 0; lastKnownFileType = sourcecode.c.h; name = CDVSound.h; path = "cordova-plugin-media/CDVSound.h"; sourceTree = "<group>"; };
		8D1107310486CEB800E47090 /* whispeer Messenger-Info.plist */ = {isa = PBXFileReference; fileEncoding = 4; lastKnownFileType = text.plist.xml; name = "whispeer Messenger-Info.plist"; path = "whispeer Messenger/whispeer Messenger-Info.plist"; plistStructureDefinitionIdentifier = "com.apple.xcode.plist.structure-definition.iphone.info-plist"; sourceTree = SOURCE_ROOT; };
		91B154F8786E4BA38B6A9A2C /* zh-Hans.lproj */ = {isa = PBXFileReference; explicitFileType = undefined; fileEncoding = 9; includeInIndex = 0; lastKnownFileType = unknown; path = "zh-Hans.lproj"; sourceTree = "<group>"; };
		92B15093945C4D6E95F27FBE /* de.lproj */ = {isa = PBXFileReference; explicitFileType = undefined; fileEncoding = 9; includeInIndex = 0; lastKnownFileType = unknown; path = de.lproj; sourceTree = "<group>"; };
		92DC58441A694CAEB8F2B20D /* Security.framework */ = {isa = PBXFileReference; explicitFileType = undefined; fileEncoding = 9; includeInIndex = 0; lastKnownFileType = wrapper.framework; name = Security.framework; path = System/Library/Frameworks/Security.framework; sourceTree = SDKROOT; };
		96B51563D8CD42F68C3FACB6 /* GMVideoIcon@2x.png */ = {isa = PBXFileReference; explicitFileType = undefined; fileEncoding = 9; includeInIndex = 0; lastKnownFileType = unknown; path = "GMVideoIcon@2x.png"; sourceTree = "<group>"; };
		971EE22C8C3A4D5A8E199150 /* CoreImage.framework */ = {isa = PBXFileReference; explicitFileType = undefined; fileEncoding = 9; includeInIndex = 0; lastKnownFileType = wrapper.framework; name = CoreImage.framework; path = System/Library/Frameworks/CoreImage.framework; sourceTree = SDKROOT; };
		982FF42E20FE407C83AD0FA4 /* GMPHAsset.h */ = {isa = PBXFileReference; explicitFileType = undefined; fileEncoding = 4; includeInIndex = 0; lastKnownFileType = sourcecode.c.h; name = GMPHAsset.h; path = ImagePicker/GMPHAsset.h; sourceTree = "<group>"; };
		98777365540D41BEBA170609 /* FilePicker.m */ = {isa = PBXFileReference; explicitFileType = undefined; fileEncoding = 4; includeInIndex = 0; lastKnownFileType = sourcecode.c.objc; name = FilePicker.m; path = "cordova-plugin-filepicker/FilePicker.m"; sourceTree = "<group>"; };
		98999572AD634B7387365128 /* AVFoundation.framework */ = {isa = PBXFileReference; explicitFileType = undefined; fileEncoding = 9; includeInIndex = 0; lastKnownFileType = wrapper.framework; name = AVFoundation.framework; path = System/Library/Frameworks/AVFoundation.framework; sourceTree = SDKROOT; };
		9AE2F1C1443749CA8B374D7D /* CDVExif.h */ = {isa = PBXFileReference; explicitFileType = undefined; fileEncoding = 4; includeInIndex = 0; lastKnownFileType = sourcecode.c.h; name = CDVExif.h; path = "cordova-plugin-camera/CDVExif.h"; sourceTree = "<group>"; };
		9C3888EEC37644489FFB7DB8 /* GCDWebServerFileResponse.m */ = {isa = PBXFileReference; explicitFileType = undefined; fileEncoding = 4; includeInIndex = 0; lastKnownFileType = sourcecode.c.objc; name = GCDWebServerFileResponse.m; path = "cordova-plugin-ionic-webview/GCDWebServerFileResponse.m"; sourceTree = "<group>"; };
		9D2B17ED8A7E4101B72F87AD /* PhotoViewer.m */ = {isa = PBXFileReference; explicitFileType = undefined; fileEncoding = 4; includeInIndex = 0; lastKnownFileType = sourcecode.c.objc; name = PhotoViewer.m; path = "com-sarriaroman-photoviewer/PhotoViewer.m"; sourceTree = "<group>"; };
		9D9E4FEAA8E14716917FFBCA /* GCDWebServerDataResponse.m */ = {isa = PBXFileReference; explicitFileType = undefined; fileEncoding = 4; includeInIndex = 0; lastKnownFileType = sourcecode.c.objc; name = GCDWebServerDataResponse.m; path = "cordova-plugin-ionic-webview/GCDWebServerDataResponse.m"; sourceTree = "<group>"; };
		A0BFF5DC7AFA40089DBD7029 /* CDVJpegHeaderWriter.m */ = {isa = PBXFileReference; explicitFileType = undefined; fileEncoding = 4; includeInIndex = 0; lastKnownFileType = sourcecode.c.objc; name = CDVJpegHeaderWriter.m; path = "cordova-plugin-camera/CDVJpegHeaderWriter.m"; sourceTree = "<group>"; };
		A2A2C41DB7B247BCB16DEE3A /* GMGridViewController.h */ = {isa = PBXFileReference; explicitFileType = undefined; fileEncoding = 4; includeInIndex = 0; lastKnownFileType = sourcecode.c.h; name = GMGridViewController.h; path = ImagePicker/GMGridViewController.h; sourceTree = "<group>"; };
		A46789117A4C440BAAEFF939 /* GCDWebServerMultiPartFormRequest.m */ = {isa = PBXFileReference; explicitFileType = undefined; fileEncoding = 4; includeInIndex = 0; lastKnownFileType = sourcecode.c.objc; name = GCDWebServerMultiPartFormRequest.m; path = "cordova-plugin-ionic-webview/GCDWebServerMultiPartFormRequest.m"; sourceTree = "<group>"; };
		A9F5615EB88D45EA9A52FBE3 /* GMPHAsset.m */ = {isa = PBXFileReference; explicitFileType = undefined; fileEncoding = 4; includeInIndex = 0; lastKnownFileType = sourcecode.c.objc; name = GMPHAsset.m; path = ImagePicker/GMPHAsset.m; sourceTree = "<group>"; };
		AEA09537E049453EA51853E4 /* CDVGlobalization.m */ = {isa = PBXFileReference; explicitFileType = undefined; fileEncoding = 4; includeInIndex = 0; lastKnownFileType = sourcecode.c.objc; name = CDVGlobalization.m; path = "cordova-plugin-globalization/CDVGlobalization.m"; sourceTree = "<group>"; };
		B16AEA9272B748609B0797B2 /* GMAlbumsViewCell.h */ = {isa = PBXFileReference; explicitFileType = undefined; fileEncoding = 4; includeInIndex = 0; lastKnownFileType = sourcecode.c.h; name = GMAlbumsViewCell.h; path = ImagePicker/GMAlbumsViewCell.h; sourceTree = "<group>"; };
		B33CCA2EA1FE4C7C9716EA80 /* GCDWebServer.h */ = {isa = PBXFileReference; explicitFileType = undefined; fileEncoding = 4; includeInIndex = 0; lastKnownFileType = sourcecode.c.h; name = GCDWebServer.h; path = "cordova-plugin-ionic-webview/GCDWebServer.h"; sourceTree = "<group>"; };
		B6DB5DBB3A184C2493379E7D /* GMAlbumsViewController.h */ = {isa = PBXFileReference; explicitFileType = undefined; fileEncoding = 4; includeInIndex = 0; lastKnownFileType = sourcecode.c.h; name = GMAlbumsViewController.h; path = ImagePicker/GMAlbumsViewController.h; sourceTree = "<group>"; };
		B98141ABBDD943718387C03F /* CDVSound.m */ = {isa = PBXFileReference; explicitFileType = undefined; fileEncoding = 4; includeInIndex = 0; lastKnownFileType = sourcecode.c.objc; name = CDVSound.m; path = "cordova-plugin-media/CDVSound.m"; sourceTree = "<group>"; };
		BCCAB852E4BD4B42BD1469EA /* FileOpener2.h */ = {isa = PBXFileReference; explicitFileType = undefined; fileEncoding = 4; includeInIndex = 0; lastKnownFileType = sourcecode.c.h; name = FileOpener2.h; path = "cordova-plugin-file-opener2/FileOpener2.h"; sourceTree = "<group>"; };
		C43DDD5CA35C452CB650D477 /* GCDWebServerMultiPartFormRequest.h */ = {isa = PBXFileReference; explicitFileType = undefined; fileEncoding = 4; includeInIndex = 0; lastKnownFileType = sourcecode.c.h; name = GCDWebServerMultiPartFormRequest.h; path = "cordova-plugin-ionic-webview/GCDWebServerMultiPartFormRequest.h"; sourceTree = "<group>"; };
		C643C4205F7A4F4882AFD21A /* CDVBarcodeScanner.bundle */ = {isa = PBXFileReference; explicitFileType = undefined; fileEncoding = 9; includeInIndex = 0; lastKnownFileType = "wrapper.plug-in"; path = CDVBarcodeScanner.bundle; sourceTree = "<group>"; };
		C66D5B29AD614D7DA8D265FC /* pt.lproj */ = {isa = PBXFileReference; explicitFileType = undefined; fileEncoding = 9; includeInIndex = 0; lastKnownFileType = unknown; path = pt.lproj; sourceTree = "<group>"; };
		C6713D944A0547E28CA72899 /* GCDWebServerStreamedResponse.m */ = {isa = PBXFileReference; explicitFileType = undefined; fileEncoding = 4; includeInIndex = 0; lastKnownFileType = sourcecode.c.objc; name = GCDWebServerStreamedResponse.m; path = "cordova-plugin-ionic-webview/GCDWebServerStreamedResponse.m"; sourceTree = "<group>"; };
		CB1F274ED2A14EF7A76B0E96 /* CDVWKProcessPoolFactory.h */ = {isa = PBXFileReference; explicitFileType = undefined; fileEncoding = 4; includeInIndex = 0; lastKnownFileType = sourcecode.c.h; name = CDVWKProcessPoolFactory.h; path = "cordova-plugin-ionic-webview/CDVWKProcessPoolFactory.h"; sourceTree = "<group>"; };
		CB29E325F777425F9DF69812 /* GMFetchItem.m */ = {isa = PBXFileReference; explicitFileType = undefined; fileEncoding = 4; includeInIndex = 0; lastKnownFileType = sourcecode.c.objc; name = GMFetchItem.m; path = ImagePicker/GMFetchItem.m; sourceTree = "<group>"; };
		CD657B642D624915B5BEA6EE /* CDVWKWebViewEngine.m */ = {isa = PBXFileReference; explicitFileType = undefined; fileEncoding = 4; includeInIndex = 0; lastKnownFileType = sourcecode.c.objc; name = CDVWKWebViewEngine.m; path = "cordova-plugin-ionic-webview/CDVWKWebViewEngine.m"; sourceTree = "<group>"; };
		D30B0B1E35A5476C9698DA6C /* GMSelected.png */ = {isa = PBXFileReference; explicitFileType = undefined; fileEncoding = 9; includeInIndex = 0; lastKnownFileType = unknown; path = GMSelected.png; sourceTree = "<group>"; };
		D367F6E07DC843CF9CCD8E4C /* CDVFile.h */ = {isa = PBXFileReference; explicitFileType = undefined; fileEncoding = 4; includeInIndex = 0; lastKnownFileType = sourcecode.c.h; name = CDVFile.h; path = "cordova-plugin-file/CDVFile.h"; sourceTree = "<group>"; };
		D3C32AA04576405DA699DF81 /* IonicKeyboard.h */ = {isa = PBXFileReference; explicitFileType = undefined; fileEncoding = 4; includeInIndex = 0; lastKnownFileType = sourcecode.c.h; name = IonicKeyboard.h; path = "ionic-plugin-keyboard/IonicKeyboard.h"; sourceTree = "<group>"; };
		D603E93D31E8476F9C57B765 /* ImageIO.framework */ = {isa = PBXFileReference; explicitFileType = undefined; fileEncoding = 9; includeInIndex = 0; lastKnownFileType = wrapper.framework; name = ImageIO.framework; path = System/Library/Frameworks/ImageIO.framework; sourceTree = SDKROOT; };
		D8AE18B9523349FDB8B8AC67 /* CDVStatusBar.m */ = {isa = PBXFileReference; explicitFileType = undefined; fileEncoding = 4; includeInIndex = 0; lastKnownFileType = sourcecode.c.objc; name = CDVStatusBar.m; path = "cordova-plugin-statusbar/CDVStatusBar.m"; sourceTree = "<group>"; };
		DC507BD4C240471BB27FC2D9 /* CDVWKWebViewUIDelegate.m */ = {isa = PBXFileReference; explicitFileType = undefined; fileEncoding = 4; includeInIndex = 0; lastKnownFileType = sourcecode.c.objc; name = CDVWKWebViewUIDelegate.m; path = "cordova-plugin-ionic-webview/CDVWKWebViewUIDelegate.m"; sourceTree = "<group>"; };
		E28045811D9841E8AAAFB8AB /* zxing-all-in-one.h */ = {isa = PBXFileReference; explicitFileType = undefined; fileEncoding = 4; includeInIndex = 0; lastKnownFileType = sourcecode.c.h; name = "zxing-all-in-one.h"; path = "phonegap-plugin-barcodescanner/zxing-all-in-one.h"; sourceTree = "<group>"; };
		E29A9CB3C1F24E14B76FEB19 /* PushPlugin.h */ = {isa = PBXFileReference; explicitFileType = undefined; fileEncoding = 4; includeInIndex = 0; lastKnownFileType = sourcecode.c.h; name = PushPlugin.h; path = "phonegap-plugin-push/PushPlugin.h"; sourceTree = "<group>"; };
		E852A3C1A87947AFB506A112 /* WebKit.framework */ = {isa = PBXFileReference; explicitFileType = undefined; fileEncoding = 9; includeInIndex = 0; lastKnownFileType = wrapper.framework; name = WebKit.framework; path = System/Library/Frameworks/WebKit.framework; sourceTree = SDKROOT; };
		E85AC49353AD4A50A0B04214 /* GMGridViewController.m */ = {isa = PBXFileReference; explicitFileType = undefined; fileEncoding = 4; includeInIndex = 0; lastKnownFileType = sourcecode.c.objc; name = GMGridViewController.m; path = ImagePicker/GMGridViewController.m; sourceTree = "<group>"; };
		EA411CC7779C4479AD1F8BB3 /* AudioToolbox.framework */ = {isa = PBXFileReference; explicitFileType = undefined; fileEncoding = 9; includeInIndex = 0; lastKnownFileType = wrapper.framework; name = AudioToolbox.framework; path = System/Library/Frameworks/AudioToolbox.framework; sourceTree = SDKROOT; };
		EB87FDF31871DA8E0020F90C /* www */ = {isa = PBXFileReference; lastKnownFileType = folder; name = www; path = ../../www; sourceTree = "<group>"; };
		EB87FDF41871DAF40020F90C /* config.xml */ = {isa = PBXFileReference; lastKnownFileType = text.xml; name = config.xml; path = ../../config.xml; sourceTree = "<group>"; };
		EBC5A05720324888AAEFEF34 /* CDVCamera.h */ = {isa = PBXFileReference; explicitFileType = undefined; fileEncoding = 4; includeInIndex = 0; lastKnownFileType = sourcecode.c.h; name = CDVCamera.h; path = "cordova-plugin-camera/CDVCamera.h"; sourceTree = "<group>"; };
		ED33DF2A687741AEAF9F8254 /* Bridging-Header.h */ = {isa = PBXFileReference; fileEncoding = 4; lastKnownFileType = sourcecode.c.h; path = "Bridging-Header.h"; sourceTree = "<group>"; };
		EFB8F9495CD146789A0BA68D /* UIImage+CropScaleOrientation.m */ = {isa = PBXFileReference; explicitFileType = undefined; fileEncoding = 4; includeInIndex = 0; lastKnownFileType = sourcecode.c.objc; name = "UIImage+CropScaleOrientation.m"; path = "cordova-plugin-camera/UIImage+CropScaleOrientation.m"; sourceTree = "<group>"; };
		EFD275DF92A34A7CACCB3786 /* CDVWKWebViewUIDelegate.h */ = {isa = PBXFileReference; explicitFileType = undefined; fileEncoding = 4; includeInIndex = 0; lastKnownFileType = sourcecode.c.h; name = CDVWKWebViewUIDelegate.h; path = "cordova-plugin-ionic-webview/CDVWKWebViewUIDelegate.h"; sourceTree = "<group>"; };
		F0E1DA683D5D4B1A998D3C55 /* PSYBlockTimer.m */ = {isa = PBXFileReference; explicitFileType = undefined; fileEncoding = 4; includeInIndex = 0; lastKnownFileType = sourcecode.c.objc; name = PSYBlockTimer.m; path = ImagePicker/PSYBlockTimer.m; sourceTree = "<group>"; };
		F0E843FF0386461A950EFAB4 /* CDVWKProcessPoolFactory.m */ = {isa = PBXFileReference; explicitFileType = undefined; fileEncoding = 4; includeInIndex = 0; lastKnownFileType = sourcecode.c.objc; name = CDVWKProcessPoolFactory.m; path = "cordova-plugin-ionic-webview/CDVWKProcessPoolFactory.m"; sourceTree = "<group>"; };
		F103C28598DE497B919CF4CD /* CDVViewController+SplashScreen.h */ = {isa = PBXFileReference; explicitFileType = undefined; fileEncoding = 4; includeInIndex = 0; lastKnownFileType = sourcecode.c.h; name = "CDVViewController+SplashScreen.h"; path = "cordova-plugin-splashscreen/CDVViewController+SplashScreen.h"; sourceTree = "<group>"; };
		F1248D2A9DEB481F875013B6 /* GCDWebServerDataRequest.m */ = {isa = PBXFileReference; explicitFileType = undefined; fileEncoding = 4; includeInIndex = 0; lastKnownFileType = sourcecode.c.objc; name = GCDWebServerDataRequest.m; path = "cordova-plugin-ionic-webview/GCDWebServerDataRequest.m"; sourceTree = "<group>"; };
		F1AFF74136F74D1F80B0D3FD /* ca.lproj */ = {isa = PBXFileReference; explicitFileType = undefined; fileEncoding = 9; includeInIndex = 0; lastKnownFileType = unknown; path = ca.lproj; sourceTree = "<group>"; };
		F5D71E5F4C4F489891F58745 /* Accelerate.framework */ = {isa = PBXFileReference; explicitFileType = undefined; fileEncoding = 9; includeInIndex = 0; lastKnownFileType = wrapper.framework; name = Accelerate.framework; path = System/Library/Frameworks/Accelerate.framework; sourceTree = SDKROOT; };
		F840E1F0165FE0F500CFE078 /* config.xml */ = {isa = PBXFileReference; lastKnownFileType = text.xml; name = config.xml; path = "whispeer Messenger/config.xml"; sourceTree = "<group>"; };
		F8C61AD78161476684CC3B62 /* GCDWebServerConnection.h */ = {isa = PBXFileReference; explicitFileType = undefined; fileEncoding = 4; includeInIndex = 0; lastKnownFileType = sourcecode.c.h; name = GCDWebServerConnection.h; path = "cordova-plugin-ionic-webview/GCDWebServerConnection.h"; sourceTree = "<group>"; };
		FA25C2A586B943D0B9B25722 /* GMFetchItem.h */ = {isa = PBXFileReference; explicitFileType = undefined; fileEncoding = 4; includeInIndex = 0; lastKnownFileType = sourcecode.c.h; name = GMFetchItem.h; path = ImagePicker/GMFetchItem.h; sourceTree = "<group>"; };
		FB0117759F7C4029B1D06EF3 /* QuartzCore.framework */ = {isa = PBXFileReference; explicitFileType = undefined; fileEncoding = 9; includeInIndex = 0; lastKnownFileType = wrapper.framework; name = QuartzCore.framework; path = System/Library/Frameworks/QuartzCore.framework; sourceTree = SDKROOT; };
		FBEC978668984E9388FCEF32 /* IonicKeyboard.m */ = {isa = PBXFileReference; explicitFileType = undefined; fileEncoding = 4; includeInIndex = 0; lastKnownFileType = sourcecode.c.objc; name = IonicKeyboard.m; path = "ionic-plugin-keyboard/IonicKeyboard.m"; sourceTree = "<group>"; };
/* End PBXFileReference section */

/* Begin PBXFrameworksBuildPhase section */
		1D60588F0D05DD3D006BFB54 /* Frameworks */ = {
			isa = PBXFrameworksBuildPhase;
			buildActionMask = 2147483647;
			files = (
				301BF552109A68D80062928A /* libCordova.a in Frameworks */,
				69E9AE18CDB54E03994FFD4B /* Accelerate.framework in Frameworks */,
				241EB45872F046C9AB04BBD5 /* Security.framework in Frameworks */,
				55FB8BFC40D6492C9BC9A077 /* Photos.framework in Frameworks */,
				FC972F76D3974626AD5F3C33 /* SystemConfiguration.framework in Frameworks */,
				B94B93BB8D7C4580B535CD96 /* QuartzCore.framework in Frameworks */,
				07C5F022C7F645A2BC57A985 /* ImageIO.framework in Frameworks */,
				AB61A02108CE4D708091C75C /* CoreLocation.framework in Frameworks */,
				C3C78D2A78334A06BFFA853A /* AVFoundation.framework in Frameworks */,
				F703D47950054D8A986ADA56 /* libz.tbd in Frameworks */,
				D69060D284F54D22B65D9067 /* WebKit.framework in Frameworks */,
				51B2357F74EE4EA0925E013F /* libiconv.dylib in Frameworks */,
				50E0666FD7D14971BDA282FF /* CoreVideo.framework in Frameworks */,
				A5F6B75DC9D44A1A9E267256 /* CoreImage.framework in Frameworks */,
				80DC142C1F5D4548958EBD82 /* AudioToolbox.framework in Frameworks */,
				2872A065A26A8EBCC0E8A1C9 /* libPods-whispeer Messenger.a in Frameworks */,
			);
			runOnlyForDeploymentPostprocessing = 0;
		};
/* End PBXFrameworksBuildPhase section */

/* Begin PBXGroup section */
		080E96DDFE201D6D7F000001 /* Classes */ = {
			isa = PBXGroup;
			children = (
				302D95EE14D2391D003F00A1 /* MainViewController.h */,
				302D95EF14D2391D003F00A1 /* MainViewController.m */,
				302D95F014D2391D003F00A1 /* MainViewController.xib */,
				1D3623240D0F684500981E51 /* AppDelegate.h */,
				1D3623250D0F684500981E51 /* AppDelegate.m */,
			);
			name = Classes;
			path = "whispeer Messenger/Classes";
			sourceTree = SOURCE_ROOT;
		};
		19C28FACFE9D520D11CA2CBB /* Products */ = {
			isa = PBXGroup;
			children = (
				1D6058910D05DD3D006BFB54 /* whispeer Messenger.app */,
			);
			name = Products;
			sourceTree = "<group>";
		};
		29B97314FDCFA39411CA2CEA /* CustomTemplate */ = {
			isa = PBXGroup;
			children = (
				069E60A6202F8662002708C6 /* whispeer Messenger.entitlements */,
				EB87FDF41871DAF40020F90C /* config.xml */,
				EB87FDF31871DA8E0020F90C /* www */,
				EB87FDF11871DA420020F90C /* Staging */,
				301BF52D109A57CC0062928A /* CordovaLib.xcodeproj */,
				080E96DDFE201D6D7F000001 /* Classes */,
				307C750510C5A3420062BCA9 /* Plugins */,
				29B97315FDCFA39411CA2CEA /* Other Sources */,
				29B97317FDCFA39411CA2CEA /* Resources */,
				29B97323FDCFA39411CA2CEA /* Frameworks */,
				19C28FACFE9D520D11CA2CBB /* Products */,
				E46D61BF70CF048E1D6A0D55 /* Pods */,
			);
			name = CustomTemplate;
			sourceTree = "<group>";
		};
		29B97315FDCFA39411CA2CEA /* Other Sources */ = {
			isa = PBXGroup;
			children = (
				32CA4F630368D1EE00C91783 /* whispeer Messenger-Prefix.pch */,
				29B97316FDCFA39411CA2CEA /* main.m */,
				ED33DF2A687741AEAF9F8254 /* Bridging-Header.h */,
			);
			name = "Other Sources";
			path = "whispeer Messenger";
			sourceTree = "<group>";
		};
		29B97317FDCFA39411CA2CEA /* Resources */ = {
			isa = PBXGroup;
			children = (
				0207DA571B56EA530066E2B4 /* Images.xcassets */,
				3047A50E1AB8057F00498E2A /* config */,
				8D1107310486CEB800E47090 /* whispeer Messenger-Info.plist */,
				6AFF5BF81D6E424B00AB3073 /* CDVLaunchScreen.storyboard */,
				6FB69A5C91B84FA4873347F7 /* GMEmptyFolder@1x.png */,
				6B5F675FC1464C378CDE2BD7 /* GMEmptyFolder@2x.png */,
				D30B0B1E35A5476C9698DA6C /* GMSelected.png */,
				06A667648F614F4D9B4EF339 /* GMSelected@2x.png */,
				86DF835CA463406691158983 /* GMVideoIcon.png */,
				96B51563D8CD42F68C3FACB6 /* GMVideoIcon@2x.png */,
				F1AFF74136F74D1F80B0D3FD /* ca.lproj */,
				92B15093945C4D6E95F27FBE /* de.lproj */,
				6438E011E459408B832E3371 /* en.lproj */,
				13949E08D1BE4619A8C93092 /* es.lproj */,
				2F9CA44948D740F6B99C7FDE /* fr.lproj */,
				3CD628E6719A4A55B2D8228A /* it.lproj */,
				C66D5B29AD614D7DA8D265FC /* pt.lproj */,
				91B154F8786E4BA38B6A9A2C /* zh-Hans.lproj */,
				2184D81E64B147A388B084DE /* scannerOverlay.xib */,
				C643C4205F7A4F4882AFD21A /* CDVBarcodeScanner.bundle */,
			);
			name = Resources;
			path = "whispeer Messenger/Resources";
			sourceTree = "<group>";
		};
		29B97323FDCFA39411CA2CEA /* Frameworks */ = {
			isa = PBXGroup;
			children = (
				F5D71E5F4C4F489891F58745 /* Accelerate.framework */,
				92DC58441A694CAEB8F2B20D /* Security.framework */,
				75CCD26805BF4FEE92ADA18F /* Photos.framework */,
				2321A96839B34B0BB9AE7561 /* SystemConfiguration.framework */,
				FB0117759F7C4029B1D06EF3 /* QuartzCore.framework */,
				D603E93D31E8476F9C57B765 /* ImageIO.framework */,
				11CB2CF8A4964A7ABFBBDFD8 /* CoreLocation.framework */,
				98999572AD634B7387365128 /* AVFoundation.framework */,
				0034AE4EC3FA43D4AC9C80B0 /* libz.tbd */,
				E852A3C1A87947AFB506A112 /* WebKit.framework */,
				31ABAAD8D20C4500BA6875AB /* libiconv.dylib */,
				0D7DC9BE2C034C059B5FDBAF /* CoreVideo.framework */,
				971EE22C8C3A4D5A8E199150 /* CoreImage.framework */,
				EA411CC7779C4479AD1F8BB3 /* AudioToolbox.framework */,
				20AD2A7439A9114CE3205633 /* libPods-whispeer Messenger.a */,
			);
			name = Frameworks;
			sourceTree = "<group>";
		};
		301BF52E109A57CC0062928A /* Products */ = {
			isa = PBXGroup;
			children = (
				301BF535109A57CC0062928A /* libCordova.a */,
				069E60A5202F860C002708C6 /* Cordova.framework */,
			);
			name = Products;
			sourceTree = "<group>";
		};
		3047A50E1AB8057F00498E2A /* config */ = {
			isa = PBXGroup;
			children = (
				3047A50F1AB8059700498E2A /* build-debug.xcconfig */,
				3047A5101AB8059700498E2A /* build-release.xcconfig */,
				3047A5111AB8059700498E2A /* build.xcconfig */,
			);
			name = config;
			sourceTree = "<group>";
		};
		307C750510C5A3420062BCA9 /* Plugins */ = {
			isa = PBXGroup;
			children = (
				612472490245409F84447AD6 /* SOSPicker.m */,
				6867092AF4454311ADCFFF5E /* UIImage+fixOrientation.m */,
				1D1173F58F1749C28D1577EF /* GMAlbumsViewCell.m */,
				7D2B42475BEB4BC9B4DF42B5 /* GMAlbumsViewController.m */,
				CB29E325F777425F9DF69812 /* GMFetchItem.m */,
				5BADBDAE13AD499EA1AEF85A /* GMGridViewCell.m */,
				E85AC49353AD4A50A0B04214 /* GMGridViewController.m */,
				6F7CDCEF6E5F432F8F81B508 /* GMImagePickerController.m */,
				F0E1DA683D5D4B1A998D3C55 /* PSYBlockTimer.m */,
				A9F5615EB88D45EA9A52FBE3 /* GMPHAsset.m */,
				40EDFFE1D6B04AC18FE979E9 /* SOSPicker.h */,
				50B0D572356D4EBD86372DC9 /* UIImage+fixOrientation.h */,
				B16AEA9272B748609B0797B2 /* GMAlbumsViewCell.h */,
				B6DB5DBB3A184C2493379E7D /* GMAlbumsViewController.h */,
				FA25C2A586B943D0B9B25722 /* GMFetchItem.h */,
				365082B52C174BD99784B973 /* GMGridViewCell.h */,
				A2A2C41DB7B247BCB16DEE3A /* GMGridViewController.h */,
				3E4D927738A04F378D6B21A2 /* GMImagePickerController.h */,
				6CB4D3F32DF54AFFADFC7EF1 /* PSYBlockTimer.h */,
				982FF42E20FE407C83AD0FA4 /* GMPHAsset.h */,
				9D2B17ED8A7E4101B72F87AD /* PhotoViewer.m */,
				EFB8F9495CD146789A0BA68D /* UIImage+CropScaleOrientation.m */,
				769529685D5346DE85980A5F /* CDVCamera.m */,
				A0BFF5DC7AFA40089DBD7029 /* CDVJpegHeaderWriter.m */,
				6F15C64D45324C8281FB3F1E /* UIImage+CropScaleOrientation.h */,
				EBC5A05720324888AAEFEF34 /* CDVCamera.h */,
				4788DAC96A9F42D2A0DAC751 /* CDVJpegHeaderWriter.h */,
				9AE2F1C1443749CA8B374D7D /* CDVExif.h */,
				3D1DDA1553584ADD8573AA9A /* CDVDevice.m */,
				125E82F52BF24B04A55AB628 /* CDVDevice.h */,
				53EA7199FFCF4E7D857B623F /* CDVFile.m */,
				8966C75D8A364C79BC23DB84 /* CDVLocalFilesystem.m */,
				4E0760136F2844D0967A49B1 /* CDVAssetLibraryFilesystem.m */,
				D367F6E07DC843CF9CCD8E4C /* CDVFile.h */,
				801423E825D4434FA05CE84F /* CDVLocalFilesystem.h */,
				01B881129CC54EF6953774CE /* CDVAssetLibraryFilesystem.h */,
				7CF29D268033462795DE33F7 /* FileOpener2.m */,
				BCCAB852E4BD4B42BD1469EA /* FileOpener2.h */,
				98777365540D41BEBA170609 /* FilePicker.m */,
				16837A6E1C24414AA00F333B /* FilePicker.h */,
				AEA09537E049453EA51853E4 /* CDVGlobalization.m */,
				5555A78FA3C84DFE9DB80467 /* CDVGlobalization.h */,
				4215F7C83C4949E9B278A94F /* CDVInAppBrowser.m */,
				1170C527AB1749A19C3D7B58 /* CDVInAppBrowser.h */,
				CD657B642D624915B5BEA6EE /* CDVWKWebViewEngine.m */,
				DC507BD4C240471BB27FC2D9 /* CDVWKWebViewUIDelegate.m */,
				F0E843FF0386461A950EFAB4 /* CDVWKProcessPoolFactory.m */,
				422B8F30F1CA4DBAAC9351EF /* GCDWebServer.m */,
				40AB5DEE98E04F7A8ED610FD /* GCDWebServerConnection.m */,
				2608212CF4D84BA5BEF38860 /* GCDWebServerFunctions.m */,
				29388546086E4A7D8491FDDD /* GCDWebServerRequest.m */,
				79A1EBD9FB6244A4BCD90C07 /* GCDWebServerResponse.m */,
				F1248D2A9DEB481F875013B6 /* GCDWebServerDataRequest.m */,
				20DBE9818023417E987E190F /* GCDWebServerFileRequest.m */,
				A46789117A4C440BAAEFF939 /* GCDWebServerMultiPartFormRequest.m */,
				757B60C23FDB4DE59CDB573B /* GCDWebServerURLEncodedFormRequest.m */,
				9D9E4FEAA8E14716917FFBCA /* GCDWebServerDataResponse.m */,
				5B8C6C536DCF40F0A1D17A62 /* GCDWebServerErrorResponse.m */,
				9C3888EEC37644489FFB7DB8 /* GCDWebServerFileResponse.m */,
				C6713D944A0547E28CA72899 /* GCDWebServerStreamedResponse.m */,
				61F245C1625A43BC8BCBA238 /* CDVWKWebViewEngine.h */,
				EFD275DF92A34A7CACCB3786 /* CDVWKWebViewUIDelegate.h */,
				CB1F274ED2A14EF7A76B0E96 /* CDVWKProcessPoolFactory.h */,
				B33CCA2EA1FE4C7C9716EA80 /* GCDWebServer.h */,
				F8C61AD78161476684CC3B62 /* GCDWebServerConnection.h */,
				7FB2C75A858B4A519C79F57F /* GCDWebServerFunctions.h */,
				2E41D83F8D284CBB978ECCB8 /* GCDWebServerHTTPStatusCodes.h */,
				5FED412BAE604AED9DD2912F /* GCDWebServerPrivate.h */,
				81BC6DFFB7D1424FBAF0CF3B /* GCDWebServerRequest.h */,
				84B435153FFF4DDC98A1217C /* GCDWebServerResponse.h */,
				5C62D8773E31447692799D80 /* GCDWebServerDataRequest.h */,
				5F5FAF1AA0B1480CB4AEDCD4 /* GCDWebServerFileRequest.h */,
				C43DDD5CA35C452CB650D477 /* GCDWebServerMultiPartFormRequest.h */,
				16672C360A3A497EB26E1F85 /* GCDWebServerURLEncodedFormRequest.h */,
				7B985F80557947128E795DB8 /* GCDWebServerDataResponse.h */,
				30ABD249AD4E4CA3A4D03ADD /* GCDWebServerErrorResponse.h */,
				7DB9180D34A84900BD1AB480 /* GCDWebServerFileResponse.h */,
				3DA1D0C994A14BAF9CC2CB60 /* GCDWebServerStreamedResponse.h */,
				B98141ABBDD943718387C03F /* CDVSound.m */,
				8993D3B4B2A6459EA0CFF77F /* CDVSound.h */,
				37C93E57F23945B18C1FE936 /* CDVSplashScreen.m */,
				04F0687AE90E40F1A50A4895 /* CDVViewController+SplashScreen.m */,
				74469D03A9E34E7B9A461E20 /* CDVSplashScreen.h */,
				F103C28598DE497B919CF4CD /* CDVViewController+SplashScreen.h */,
				D8AE18B9523349FDB8B8AC67 /* CDVStatusBar.m */,
				25C42297AC5C4241836C3F77 /* CDVStatusBar.h */,
				FBEC978668984E9388FCEF32 /* IonicKeyboard.m */,
				D3C32AA04576405DA699DF81 /* IonicKeyboard.h */,
				17EBC460C742493C8633604E /* CDVBarcodeScanner.mm */,
				4E24C3F49FCE49CEBC9554D2 /* zxing-all-in-one.cpp */,
				E28045811D9841E8AAAFB8AB /* zxing-all-in-one.h */,
				5D9C8CBAEABE4922948C0EC2 /* AppDelegate+notification.m */,
				36338503381B4D50B1CC19F0 /* PushPlugin.m */,
				02137B7B3A874C68B6981E71 /* AppDelegate+notification.h */,
				E29A9CB3C1F24E14B76FEB19 /* PushPlugin.h */,
			);
			name = Plugins;
			path = "whispeer Messenger/Plugins";
			sourceTree = SOURCE_ROOT;
		};
		E46D61BF70CF048E1D6A0D55 /* Pods */ = {
			isa = PBXGroup;
			children = (
			);
			name = Pods;
			sourceTree = "<group>";
		};
		EB87FDF11871DA420020F90C /* Staging */ = {
			isa = PBXGroup;
			children = (
				F840E1F0165FE0F500CFE078 /* config.xml */,
				301BF56E109A69640062928A /* www */,
			);
			name = Staging;
			sourceTree = "<group>";
		};
/* End PBXGroup section */

/* Begin PBXNativeTarget section */
		1D6058900D05DD3D006BFB54 /* whispeer Messenger */ = {
			isa = PBXNativeTarget;
			buildConfigurationList = 1D6058960D05DD3E006BFB54 /* Build configuration list for PBXNativeTarget "whispeer Messenger" */;
			buildPhases = (
				3B171F8680BC8C003754DA5F /* [CP] Check Pods Manifest.lock */,
				304B58A110DAC018002A0835 /* Copy www directory */,
				1D60588D0D05DD3D006BFB54 /* Resources */,
				1D60588E0D05DD3D006BFB54 /* Sources */,
				1D60588F0D05DD3D006BFB54 /* Frameworks */,
				1A7B60221835C32930B8ABCF /* [CP] Embed Pods Frameworks */,
				E283DE5FE86368575C48F8A8 /* [CP] Copy Pods Resources */,
			);
			buildRules = (
			);
			dependencies = (
				301BF551109A68C00062928A /* PBXTargetDependency */,
			);
			name = "whispeer Messenger";
			productName = "whispeer Messenger";
			productReference = 1D6058910D05DD3D006BFB54 /* whispeer Messenger.app */;
			productType = "com.apple.product-type.application";
		};
/* End PBXNativeTarget section */

/* Begin PBXProject section */
		29B97313FDCFA39411CA2CEA /* Project object */ = {
			isa = PBXProject;
			attributes = {
				LastUpgradeCheck = 510;
				TargetAttributes = {
					1D6058900D05DD3D006BFB54 = {
						DevelopmentTeam = H85S2M8SFB;
						ProvisioningStyle = Automatic;
						SystemCapabilities = {
							com.apple.Push = {
								enabled = 1;
							};
							com.apple.iCloud = {
								enabled = 1;
							};
						};
					};
				};
			};
			buildConfigurationList = C01FCF4E08A954540054247B /* Build configuration list for PBXProject "whispeer Messenger" */;
			compatibilityVersion = "Xcode 3.2";
			developmentRegion = English;
			hasScannedForEncodings = 1;
			knownRegions = (
				en,
			);
			mainGroup = 29B97314FDCFA39411CA2CEA /* CustomTemplate */;
			productRefGroup = 19C28FACFE9D520D11CA2CBB /* Products */;
			projectDirPath = "";
			projectReferences = (
				{
					ProductGroup = 301BF52E109A57CC0062928A /* Products */;
					ProjectRef = 301BF52D109A57CC0062928A /* CordovaLib.xcodeproj */;
				},
			);
			projectRoot = "";
			targets = (
				1D6058900D05DD3D006BFB54 /* whispeer Messenger */,
			);
		};
/* End PBXProject section */

/* Begin PBXReferenceProxy section */
		069E60A5202F860C002708C6 /* Cordova.framework */ = {
			isa = PBXReferenceProxy;
			fileType = wrapper.framework;
			path = Cordova.framework;
			remoteRef = 069E60A4202F860C002708C6 /* PBXContainerItemProxy */;
			sourceTree = BUILT_PRODUCTS_DIR;
		};
		301BF535109A57CC0062928A /* libCordova.a */ = {
			isa = PBXReferenceProxy;
			fileType = archive.ar;
			path = libCordova.a;
			remoteRef = 301BF534109A57CC0062928A /* PBXContainerItemProxy */;
			sourceTree = BUILT_PRODUCTS_DIR;
		};
/* End PBXReferenceProxy section */

/* Begin PBXResourcesBuildPhase section */
		1D60588D0D05DD3D006BFB54 /* Resources */ = {
			isa = PBXResourcesBuildPhase;
			buildActionMask = 2147483647;
			files = (
				302D95F214D2391D003F00A1 /* MainViewController.xib in Resources */,
				0207DA581B56EA530066E2B4 /* Images.xcassets in Resources */,
				6AFF5BF91D6E424B00AB3073 /* CDVLaunchScreen.storyboard in Resources */,
				0D5AA339657149FFBF8B368B /* GMEmptyFolder@1x.png in Resources */,
				520F559F330447388B3BF305 /* GMEmptyFolder@2x.png in Resources */,
				0F589EDB5C924DA5BE50E843 /* GMSelected.png in Resources */,
				F97007D5C8714A9D88862C35 /* GMSelected@2x.png in Resources */,
				ABA46C970C724249AC24B132 /* GMVideoIcon.png in Resources */,
				D4ECF1AACDC5495EB6A368AF /* GMVideoIcon@2x.png in Resources */,
				0D95EFD71BEE448F8E1FFE55 /* ca.lproj in Resources */,
				82EB02BE321648A7992A6E2A /* de.lproj in Resources */,
				A1C7090211B04F0490827D26 /* en.lproj in Resources */,
				AB3EDAFC7A524B8CB54312F1 /* es.lproj in Resources */,
				7E612D227168473E8E6F14AB /* fr.lproj in Resources */,
				75B18FF90CD545A2820CD07F /* it.lproj in Resources */,
				93A4EED86EFD455FB41691C0 /* pt.lproj in Resources */,
				7C89A1E6E7E54354A707187D /* zh-Hans.lproj in Resources */,
				E6A99148D2884AB0BF577961 /* scannerOverlay.xib in Resources */,
				DB7F6C9926EB469688DD49A8 /* CDVBarcodeScanner.bundle in Resources */,
			);
			runOnlyForDeploymentPostprocessing = 0;
		};
/* End PBXResourcesBuildPhase section */

/* Begin PBXShellScriptBuildPhase section */
		1A7B60221835C32930B8ABCF /* [CP] Embed Pods Frameworks */ = {
			isa = PBXShellScriptBuildPhase;
			buildActionMask = 2147483647;
			files = (
			);
			inputPaths = (
			);
			name = "[CP] Embed Pods Frameworks";
			outputPaths = (
			);
			runOnlyForDeploymentPostprocessing = 0;
			shellPath = /bin/sh;
			shellScript = "\"${SRCROOT}/Pods/Target Support Files/Pods-whispeer Messenger/Pods-whispeer Messenger-frameworks.sh\"\n";
			showEnvVarsInLog = 0;
		};
		304B58A110DAC018002A0835 /* Copy www directory */ = {
			isa = PBXShellScriptBuildPhase;
			buildActionMask = 2147483647;
			files = (
			);
			inputPaths = (
			);
			name = "Copy www directory";
			outputPaths = (
			);
			runOnlyForDeploymentPostprocessing = 0;
			shellPath = /bin/sh;
			shellScript = "NODEJS_PATH=/usr/local/bin; NVM_NODE_PATH=~/.nvm/versions/node/`nvm version 2>/dev/null`/bin; N_NODE_PATH=`find /usr/local/n/versions/node/* -maxdepth 0 -type d 2>/dev/null | tail -1`/bin; XCODE_NODE_PATH=`xcode-select --print-path`/usr/share/xcs/Node/bin; PATH=$NODEJS_PATH:$NVM_NODE_PATH:$N_NODE_PATH:$XCODE_NODE_PATH:$PATH && node cordova/lib/copy-www-build-step.js";
			showEnvVarsInLog = 0;
		};
		3B171F8680BC8C003754DA5F /* [CP] Check Pods Manifest.lock */ = {
			isa = PBXShellScriptBuildPhase;
			buildActionMask = 2147483647;
			files = (
			);
			inputPaths = (
				"${PODS_PODFILE_DIR_PATH}/Podfile.lock",
				"${PODS_ROOT}/Manifest.lock",
			);
			name = "[CP] Check Pods Manifest.lock";
			outputPaths = (
				"$(DERIVED_FILE_DIR)/Pods-whispeer Messenger-checkManifestLockResult.txt",
			);
			runOnlyForDeploymentPostprocessing = 0;
			shellPath = /bin/sh;
			shellScript = "diff \"${PODS_PODFILE_DIR_PATH}/Podfile.lock\" \"${PODS_ROOT}/Manifest.lock\" > /dev/null\nif [ $? != 0 ] ; then\n    # print error to STDERR\n    echo \"error: The sandbox is not in sync with the Podfile.lock. Run 'pod install' or update your CocoaPods installation.\" >&2\n    exit 1\nfi\n# This output is used by Xcode 'outputs' to avoid re-running this script phase.\necho \"SUCCESS\" > \"${SCRIPT_OUTPUT_FILE_0}\"\n";
			showEnvVarsInLog = 0;
		};
		E283DE5FE86368575C48F8A8 /* [CP] Copy Pods Resources */ = {
			isa = PBXShellScriptBuildPhase;
			buildActionMask = 2147483647;
			files = (
			);
			inputPaths = (
			);
			name = "[CP] Copy Pods Resources";
			outputPaths = (
			);
			runOnlyForDeploymentPostprocessing = 0;
			shellPath = /bin/sh;
			shellScript = "\"${SRCROOT}/Pods/Target Support Files/Pods-whispeer Messenger/Pods-whispeer Messenger-resources.sh\"\n";
			showEnvVarsInLog = 0;
		};
/* End PBXShellScriptBuildPhase section */

/* Begin PBXSourcesBuildPhase section */
		1D60588E0D05DD3D006BFB54 /* Sources */ = {
			isa = PBXSourcesBuildPhase;
			buildActionMask = 2147483647;
			files = (
				1D60589B0D05DD56006BFB54 /* main.m in Sources */,
				1D3623260D0F684500981E51 /* AppDelegate.m in Sources */,
				302D95F114D2391D003F00A1 /* MainViewController.m in Sources */,
				39283A559E604734A4D90A06 /* SOSPicker.m in Sources */,
				ED4CB0E7CF3F46BF9D0E3862 /* UIImage+fixOrientation.m in Sources */,
				F0F9BC0A5FF640D6B64E03FC /* GMAlbumsViewCell.m in Sources */,
				C8CADD53535846DF88944CF8 /* GMAlbumsViewController.m in Sources */,
				F513DB96BEC346FEABF2F237 /* GMFetchItem.m in Sources */,
				988D789BEB804BFEAB03F7A6 /* GMGridViewCell.m in Sources */,
				C920DB2166664751BBBE5B06 /* GMGridViewController.m in Sources */,
				3BB3879334AD4979B8F23523 /* GMImagePickerController.m in Sources */,
				6517C1F255AE4054BA364F16 /* PSYBlockTimer.m in Sources */,
				29C3657CAA1D4127B6271324 /* GMPHAsset.m in Sources */,
				81B2639E699C48BFBA4C96ED /* PhotoViewer.m in Sources */,
				99866D4D030E4A65B8BEED15 /* UIImage+CropScaleOrientation.m in Sources */,
				2FA945DD022E48AEA3CFB6CF /* CDVCamera.m in Sources */,
				E34FC33648654B25913FCD7C /* CDVJpegHeaderWriter.m in Sources */,
				EB719EBCDA8D4BAEA249BF0E /* CDVDevice.m in Sources */,
				39E8A5E6F0CF4BD48CEDACA7 /* CDVFile.m in Sources */,
				DBD7E5F4AD594A3785AABD57 /* CDVLocalFilesystem.m in Sources */,
				72E134D4762B486D8B2268C4 /* CDVAssetLibraryFilesystem.m in Sources */,
				A0A625AEFA994E42869F0604 /* FileOpener2.m in Sources */,
				9D9D99E92A5C4AF2A718E4EB /* FilePicker.m in Sources */,
				97F19BE33D9A4C4799BDB75B /* CDVGlobalization.m in Sources */,
				C7DADFBBA4F84F04B0501F50 /* CDVInAppBrowser.m in Sources */,
				C58DD2FB79074EF5AF65DF14 /* CDVWKWebViewEngine.m in Sources */,
				98020A30A44F43228709537E /* CDVWKWebViewUIDelegate.m in Sources */,
				E999414E573C442C829C59AF /* CDVWKProcessPoolFactory.m in Sources */,
				AEE1ADD547724F3C8545EDD0 /* GCDWebServer.m in Sources */,
				539D096CD6134272A5EB9654 /* GCDWebServerConnection.m in Sources */,
				910042707CAE4CA3BB4AEEF7 /* GCDWebServerFunctions.m in Sources */,
				C89F47303F4C4564BD27CAE8 /* GCDWebServerRequest.m in Sources */,
				459114DD3D8649E4BE89396D /* GCDWebServerResponse.m in Sources */,
				22B445CB13FB4382B12F1F20 /* GCDWebServerDataRequest.m in Sources */,
				6CAEAC6D96014E36B6B8A485 /* GCDWebServerFileRequest.m in Sources */,
				BD0524F7354A4B7B9BCE2257 /* GCDWebServerMultiPartFormRequest.m in Sources */,
				205B53441EFE4FF0B5085BC6 /* GCDWebServerURLEncodedFormRequest.m in Sources */,
				13C666E454484E27B1814905 /* GCDWebServerDataResponse.m in Sources */,
				FBF89772F1A7480A9E70B8F9 /* GCDWebServerErrorResponse.m in Sources */,
				D2FAE69D471B4C9AB29A9796 /* GCDWebServerFileResponse.m in Sources */,
				5B6E589B20F74279AFE2BBEB /* GCDWebServerStreamedResponse.m in Sources */,
				3CBD93AACAC447D4BFA990F4 /* CDVSound.m in Sources */,
				010E5880879D475CB19EE26D /* CDVSplashScreen.m in Sources */,
				250FC7112285493C941E215C /* CDVViewController+SplashScreen.m in Sources */,
				1491F19671C64557BB719A4B /* CDVStatusBar.m in Sources */,
				97180B57C977455993FFC948 /* IonicKeyboard.m in Sources */,
				9A9E54FB8A76411AA1A675EB /* CDVBarcodeScanner.mm in Sources */,
				103150B7E4AC4A6F94B5368C /* zxing-all-in-one.cpp in Sources */,
				30383407BDC14628A4090BE8 /* AppDelegate+notification.m in Sources */,
				DE21512A4DD44818AEC02D29 /* PushPlugin.m in Sources */,
			);
			runOnlyForDeploymentPostprocessing = 0;
		};
/* End PBXSourcesBuildPhase section */

/* Begin PBXTargetDependency section */
		301BF551109A68C00062928A /* PBXTargetDependency */ = {
			isa = PBXTargetDependency;
			name = CordovaLib;
			targetProxy = 301BF550109A68C00062928A /* PBXContainerItemProxy */;
		};
/* End PBXTargetDependency section */

/* Begin XCBuildConfiguration section */
		1D6058940D05DD3E006BFB54 /* Debug */ = {
			isa = XCBuildConfiguration;
			baseConfigurationReference = 3047A50F1AB8059700498E2A /* build-debug.xcconfig */;
			buildSettings = {
				ALWAYS_SEARCH_USER_PATHS = NO;
				ASSETCATALOG_COMPILER_APPICON_NAME = AppIcon;
				ASSETCATALOG_COMPILER_LAUNCHIMAGE_NAME = LaunchImage;
				CLANG_ENABLE_MODULES = YES;
				CLANG_ENABLE_OBJC_ARC = YES;
				CODE_SIGN_ENTITLEMENTS = "whispeer Messenger/whispeer Messenger.entitlements";
				"CODE_SIGN_IDENTITY[sdk=iphoneos*]" = "iPhone Developer";
				CODE_SIGN_STYLE = Automatic;
				COPY_PHASE_STRIP = NO;
				DEVELOPMENT_TEAM = H85S2M8SFB;
				GCC_DYNAMIC_NO_PIC = NO;
				GCC_OPTIMIZATION_LEVEL = 0;
				GCC_PRECOMPILE_PREFIX_HEADER = YES;
				GCC_PREFIX_HEADER = "whispeer Messenger/whispeer Messenger-Prefix.pch";
				GCC_THUMB_SUPPORT = NO;
				GCC_VERSION = "";
				INFOPLIST_FILE = "whispeer Messenger/whispeer Messenger-Info.plist";
				IPHONEOS_DEPLOYMENT_TARGET = 9.0;
				LD_RUNPATH_SEARCH_PATHS = "@executable_path/Frameworks";
				PRODUCT_BUNDLE_IDENTIFIER = whispeer.app;
				PRODUCT_NAME = "whispeer Messenger";
				PROVISIONING_PROFILE_SPECIFIER = "";
				TARGETED_DEVICE_FAMILY = "1,2";
			};
			name = Debug;
		};
		1D6058950D05DD3E006BFB54 /* Release */ = {
			isa = XCBuildConfiguration;
			baseConfigurationReference = 3047A5101AB8059700498E2A /* build-release.xcconfig */;
			buildSettings = {
				ALWAYS_SEARCH_USER_PATHS = NO;
				ASSETCATALOG_COMPILER_APPICON_NAME = AppIcon;
				ASSETCATALOG_COMPILER_LAUNCHIMAGE_NAME = LaunchImage;
				CLANG_ENABLE_MODULES = YES;
				CLANG_ENABLE_OBJC_ARC = YES;
				CODE_SIGN_ENTITLEMENTS = "whispeer Messenger/whispeer Messenger.entitlements";
				"CODE_SIGN_IDENTITY[sdk=iphoneos*]" = "iPhone Developer";
				CODE_SIGN_STYLE = Automatic;
				COPY_PHASE_STRIP = YES;
				DEVELOPMENT_TEAM = H85S2M8SFB;
				GCC_PRECOMPILE_PREFIX_HEADER = YES;
				GCC_PREFIX_HEADER = "whispeer Messenger/whispeer Messenger-Prefix.pch";
				GCC_THUMB_SUPPORT = NO;
				GCC_VERSION = "";
				INFOPLIST_FILE = "whispeer Messenger/whispeer Messenger-Info.plist";
				IPHONEOS_DEPLOYMENT_TARGET = 9.0;
				LD_RUNPATH_SEARCH_PATHS = "@executable_path/Frameworks";
				PRODUCT_BUNDLE_IDENTIFIER = whispeer.app;
				PRODUCT_NAME = "whispeer Messenger";
				PROVISIONING_PROFILE_SPECIFIER = "";
				TARGETED_DEVICE_FAMILY = "1,2";
			};
			name = Release;
		};
		C01FCF4F08A954540054247B /* Debug */ = {
			isa = XCBuildConfiguration;
			baseConfigurationReference = 3047A5111AB8059700498E2A /* build.xcconfig */;
			buildSettings = {
				ASSETCATALOG_COMPILER_LAUNCHIMAGE_NAME = LaunchImage;
				CLANG_ENABLE_MODULES = YES;
				CLANG_ENABLE_OBJC_ARC = YES;
				CLANG_WARN_BOOL_CONVERSION = YES;
				CLANG_WARN_CONSTANT_CONVERSION = YES;
				CLANG_WARN_EMPTY_BODY = YES;
				CLANG_WARN_ENUM_CONVERSION = YES;
				CLANG_WARN_INT_CONVERSION = YES;
				CLANG_WARN__DUPLICATE_METHOD_MATCH = YES;
				GCC_C_LANGUAGE_STANDARD = c99;
				GCC_THUMB_SUPPORT = NO;
				GCC_VERSION = "";
				GCC_WARN_ABOUT_RETURN_TYPE = YES;
				GCC_WARN_UNDECLARED_SELECTOR = YES;
				GCC_WARN_UNINITIALIZED_AUTOS = YES;
				GCC_WARN_UNUSED_FUNCTION = YES;
				GCC_WARN_UNUSED_VARIABLE = YES;
				ONLY_ACTIVE_ARCH = YES;
				SDKROOT = iphoneos;
				SKIP_INSTALL = NO;
			};
			name = Debug;
		};
		C01FCF5008A954540054247B /* Release */ = {
			isa = XCBuildConfiguration;
			baseConfigurationReference = 3047A5111AB8059700498E2A /* build.xcconfig */;
			buildSettings = {
				ASSETCATALOG_COMPILER_LAUNCHIMAGE_NAME = LaunchImage;
				CLANG_ENABLE_MODULES = YES;
				CLANG_ENABLE_OBJC_ARC = YES;
				CLANG_WARN_BOOL_CONVERSION = YES;
				CLANG_WARN_CONSTANT_CONVERSION = YES;
				CLANG_WARN_EMPTY_BODY = YES;
				CLANG_WARN_ENUM_CONVERSION = YES;
				CLANG_WARN_INT_CONVERSION = YES;
				CLANG_WARN__DUPLICATE_METHOD_MATCH = YES;
				GCC_C_LANGUAGE_STANDARD = c99;
				GCC_THUMB_SUPPORT = NO;
				GCC_VERSION = "";
				GCC_WARN_ABOUT_RETURN_TYPE = YES;
				GCC_WARN_UNDECLARED_SELECTOR = YES;
				GCC_WARN_UNINITIALIZED_AUTOS = YES;
				GCC_WARN_UNUSED_FUNCTION = YES;
				GCC_WARN_UNUSED_VARIABLE = YES;
				SDKROOT = iphoneos;
				SKIP_INSTALL = NO;
			};
			name = Release;
		};
/* End XCBuildConfiguration section */

/* Begin XCConfigurationList section */
		1D6058960D05DD3E006BFB54 /* Build configuration list for PBXNativeTarget "whispeer Messenger" */ = {
			isa = XCConfigurationList;
			buildConfigurations = (
				1D6058940D05DD3E006BFB54 /* Debug */,
				1D6058950D05DD3E006BFB54 /* Release */,
			);
			defaultConfigurationIsVisible = 0;
			defaultConfigurationName = Release;
		};
		C01FCF4E08A954540054247B /* Build configuration list for PBXProject "whispeer Messenger" */ = {
			isa = XCConfigurationList;
			buildConfigurations = (
				C01FCF4F08A954540054247B /* Debug */,
				C01FCF5008A954540054247B /* Release */,
			);
			defaultConfigurationIsVisible = 0;
			defaultConfigurationName = Release;
		};
/* End XCConfigurationList section */
	};
	rootObject = 29B97313FDCFA39411CA2CEA /* Project object */;
}
